// !$*UTF8*$!
{
	archiveVersion = 1;
	classes = {
	};
	objectVersion = 46;
	objects = {

/* Begin PBXBuildFile section */
		11918ECA1C7E536E007D4664 /* RevSDK.framework in Frameworks */ = {isa = PBXBuildFile; fileRef = 11918EC91C7E536E007D4664 /* RevSDK.framework */; };
		11918ECB1C7E536E007D4664 /* RevSDK.framework in Embed Frameworks */ = {isa = PBXBuildFile; fileRef = 11918EC91C7E536E007D4664 /* RevSDK.framework */; settings = {ATTRIBUTES = (CodeSignOnCopy, RemoveHeadersOnCopy, ); }; };
		1198FF9C1C5819D200CB7FBA /* Security.framework in Frameworks */ = {isa = PBXBuildFile; fileRef = 1198FF9B1C5819D200CB7FBA /* Security.framework */; };
		1198FF9E1C5819DA00CB7FBA /* SystemConfiguration.framework in Frameworks */ = {isa = PBXBuildFile; fileRef = 1198FF9D1C5819DA00CB7FBA /* SystemConfiguration.framework */; };
		1198FF9F1C581A0F00CB7FBA /* Fabric.framework in Frameworks */ = {isa = PBXBuildFile; fileRef = 5B70CA101C3D17F60051D31F /* Fabric.framework */; };
		1198FFA01C581A0F00CB7FBA /* Fabric.framework in Embed Frameworks */ = {isa = PBXBuildFile; fileRef = 5B70CA101C3D17F60051D31F /* Fabric.framework */; settings = {ATTRIBUTES = (CodeSignOnCopy, RemoveHeadersOnCopy, ); }; };
		1198FFA21C581A1300CB7FBA /* Crashlytics.framework in Embed Frameworks */ = {isa = PBXBuildFile; fileRef = 5B70CA111C3D17F60051D31F /* Crashlytics.framework */; settings = {ATTRIBUTES = (CodeSignOnCopy, RemoveHeadersOnCopy, ); }; };
		1D3623260D0F684500981E51 /* AppDelegate.m in Sources */ = {isa = PBXBuildFile; fileRef = 1D3623250D0F684500981E51 /* AppDelegate.m */; };
		1D60589B0D05DD56006BFB54 /* main.m in Sources */ = {isa = PBXBuildFile; fileRef = 29B97316FDCFA39411CA2CEA /* main.m */; };
		288765FD0DF74451002DB57D /* CoreGraphics.framework in Frameworks */ = {isa = PBXBuildFile; fileRef = 288765FC0DF74451002DB57D /* CoreGraphics.framework */; };
		302D95F214D2391D003F00A1 /* MainViewController.xib in Resources */ = {isa = PBXBuildFile; fileRef = 302D95F014D2391D003F00A1 /* MainViewController.xib */; };
		305D5FD1115AB8F900A74A75 /* MobileCoreServices.framework in Frameworks */ = {isa = PBXBuildFile; fileRef = 305D5FD0115AB8F900A74A75 /* MobileCoreServices.framework */; };
		3088BBBD154F3926009F9C59 /* Default-Landscape@2x~ipad.png in Resources */ = {isa = PBXBuildFile; fileRef = 3088BBB7154F3926009F9C59 /* Default-Landscape@2x~ipad.png */; };
		3088BBBE154F3926009F9C59 /* Default-Landscape~ipad.png in Resources */ = {isa = PBXBuildFile; fileRef = 3088BBB8154F3926009F9C59 /* Default-Landscape~ipad.png */; };
		3088BBBF154F3926009F9C59 /* Default-Portrait@2x~ipad.png in Resources */ = {isa = PBXBuildFile; fileRef = 3088BBB9154F3926009F9C59 /* Default-Portrait@2x~ipad.png */; };
		3088BBC0154F3926009F9C59 /* Default-Portrait~ipad.png in Resources */ = {isa = PBXBuildFile; fileRef = 3088BBBA154F3926009F9C59 /* Default-Portrait~ipad.png */; };
		3088BBC1154F3926009F9C59 /* Default@2x~iphone.png in Resources */ = {isa = PBXBuildFile; fileRef = 3088BBBB154F3926009F9C59 /* Default@2x~iphone.png */; };
		3088BBC2154F3926009F9C59 /* Default~iphone.png in Resources */ = {isa = PBXBuildFile; fileRef = 3088BBBC154F3926009F9C59 /* Default~iphone.png */; };
		308D05371370CCF300D202BF /* icon-72.png in Resources */ = {isa = PBXBuildFile; fileRef = 308D052E1370CCF300D202BF /* icon-72.png */; };
		308D05381370CCF300D202BF /* icon.png in Resources */ = {isa = PBXBuildFile; fileRef = 308D052F1370CCF300D202BF /* icon.png */; };
		308D05391370CCF300D202BF /* icon@2x.png in Resources */ = {isa = PBXBuildFile; fileRef = 308D05301370CCF300D202BF /* icon@2x.png */; };
		30B4F30019D5E07200D9F7D8 /* Default-667h.png in Resources */ = {isa = PBXBuildFile; fileRef = 30B4F2FD19D5E07200D9F7D8 /* Default-667h.png */; };
		30B4F30119D5E07200D9F7D8 /* Default-736h.png in Resources */ = {isa = PBXBuildFile; fileRef = 30B4F2FE19D5E07200D9F7D8 /* Default-736h.png */; };
		30B4F30219D5E07200D9F7D8 /* Default-Landscape-736h.png in Resources */ = {isa = PBXBuildFile; fileRef = 30B4F2FF19D5E07200D9F7D8 /* Default-Landscape-736h.png */; };
		30C1856619D5FC0A00212699 /* icon-60@3x.png in Resources */ = {isa = PBXBuildFile; fileRef = 30C1856519D5FC0A00212699 /* icon-60@3x.png */; };
		30FC414916E50CA1004E6F35 /* icon-72@2x.png in Resources */ = {isa = PBXBuildFile; fileRef = 30FC414816E50CA1004E6F35 /* icon-72@2x.png */; };
		5B0BFEDA1C0C53DE0057715A /* RTReportViewController.m in Sources */ = {isa = PBXBuildFile; fileRef = 5B0BFED91C0C53DE0057715A /* RTReportViewController.m */; };
		5B0BFEE71C0C6C1B0057715A /* RTReportCell.m in Sources */ = {isa = PBXBuildFile; fileRef = 5B0BFEE61C0C6C1B0057715A /* RTReportCell.m */; };
		5B0BFEE91C0C6C2E0057715A /* RTReportCell.xib in Resources */ = {isa = PBXBuildFile; fileRef = 5B0BFEE81C0C6C2E0057715A /* RTReportCell.xib */; };
		5B0BFEEC1C0C82C30057715A /* RTContainerViewController.m in Sources */ = {isa = PBXBuildFile; fileRef = 5B0BFEEB1C0C82C30057715A /* RTContainerViewController.m */; };
		5B0BFEF01C0C86ED0057715A /* RTTestStatsViewController.m in Sources */ = {isa = PBXBuildFile; fileRef = 5B0BFEEE1C0C86ED0057715A /* RTTestStatsViewController.m */; };
		5B0BFEF11C0C86ED0057715A /* RTTestStatsViewController.xib in Resources */ = {isa = PBXBuildFile; fileRef = 5B0BFEEF1C0C86ED0057715A /* RTTestStatsViewController.xib */; };
		5B0BFEF51C0CA0890057715A /* NSArray+Stats.m in Sources */ = {isa = PBXBuildFile; fileRef = 5B0BFEF41C0CA0890057715A /* NSArray+Stats.m */; };
		5B0BFEFC1C0CACC90057715A /* RTReportViewController.xib in Resources */ = {isa = PBXBuildFile; fileRef = 5B0BFEFB1C0CACC90057715A /* RTReportViewController.xib */; };
		5B0EE1B31C51154B00BFE90A /* MessageUI.framework in Frameworks */ = {isa = PBXBuildFile; fileRef = 1109F3CC1C401ED000ABB160 /* MessageUI.framework */; };
		5B10397A1C11763C003CA9A1 /* RTTestModel.mm in Sources */ = {isa = PBXBuildFile; fileRef = 5B1039791C11763C003CA9A1 /* RTTestModel.mm */; };
		5B1594DD16A7569C00FEF299 /* AssetsLibrary.framework in Frameworks */ = {isa = PBXBuildFile; fileRef = 5B1594DC16A7569C00FEF299 /* AssetsLibrary.framework */; };
		5B25817F1C17155F00C55959 /* RTUtils.m in Sources */ = {isa = PBXBuildFile; fileRef = 5B25817E1C17155F00C55959 /* RTUtils.m */; };
		5B43F58D1C4404F900D6F33D /* Assets.xcassets in Resources */ = {isa = PBXBuildFile; fileRef = 5B43F58C1C4404F900D6F33D /* Assets.xcassets */; };
		5B43F58F1C44053200D6F33D /* Images.xcassets in Resources */ = {isa = PBXBuildFile; fileRef = 5B43F58E1C44053200D6F33D /* Images.xcassets */; };
		5B58B3501C626D31002B14EC /* RTRequestTestLoop.m in Sources */ = {isa = PBXBuildFile; fileRef = 5B58B34F1C626D31002B14EC /* RTRequestTestLoop.m */; };
		5B70CA171C3D19E00051D31F /* libz.tbd in Frameworks */ = {isa = PBXBuildFile; fileRef = 5B70CA161C3D19E00051D31F /* libz.tbd */; };
		5B70CA191C3D19E80051D31F /* libc++.tbd in Frameworks */ = {isa = PBXBuildFile; fileRef = 5B70CA181C3D19E80051D31F /* libc++.tbd */; };
		5B7804E01C15E241003AD4F5 /* RTNativeMobileViewController.m in Sources */ = {isa = PBXBuildFile; fileRef = 5B7804DE1C15E241003AD4F5 /* RTNativeMobileViewController.m */; };
		5B7804E11C15E241003AD4F5 /* RTNativeMobileViewController.xib in Resources */ = {isa = PBXBuildFile; fileRef = 5B7804DF1C15E241003AD4F5 /* RTNativeMobileViewController.xib */; };
		5B8767B51C4E55DC00363906 /* newrelic_postbuild.sh in Resources */ = {isa = PBXBuildFile; fileRef = 5B8767B41C4E55DC00363906 /* newrelic_postbuild.sh */; };
		5B925DEA1C11BFD80021B077 /* Launch Screen.storyboard in Resources */ = {isa = PBXBuildFile; fileRef = 5B925DE91C11BFD80021B077 /* Launch Screen.storyboard */; };
		5B925DEC1C11BFF10021B077 /* logo_revAPM.png in Resources */ = {isa = PBXBuildFile; fileRef = 5B925DEB1C11BFF10021B077 /* logo_revAPM.png */; };
		5BB7F2461C6A2D1D0095D508 /* revsdkdemo.m in Sources */ = {isa = PBXBuildFile; fileRef = 5BB7F2451C6A2D1D0095D508 /* revsdkdemo.m */; };
		5BB7F24B1C6A38AA0095D508 /* libxml2.tbd in Frameworks */ = {isa = PBXBuildFile; fileRef = 65C1EE591C4795460095537E /* libxml2.tbd */; };
		5BB7F2551C6A3DB80095D508 /* libz.tbd in Frameworks */ = {isa = PBXBuildFile; fileRef = 5B70CA161C3D19E00051D31F /* libz.tbd */; };
		5BB7F2561C6A3DC00095D508 /* libc++.tbd in Frameworks */ = {isa = PBXBuildFile; fileRef = 5B70CA181C3D19E80051D31F /* libc++.tbd */; };
		5BBAA0041C6CE0C700AC492B /* RTProtocolSwitchTester.m in Sources */ = {isa = PBXBuildFile; fileRef = 5BBAA0031C6CE0C700AC492B /* RTProtocolSwitchTester.m */; };
		5BDE69451C1826CC001DB8D4 /* UIViewController+RTTesting.m in Sources */ = {isa = PBXBuildFile; fileRef = 5BDE69441C1826CC001DB8D4 /* UIViewController+RTTesting.m */; };
		5BDF00EA1C6CA31400A15E40 /* RTStatsUploadTester.m in Sources */ = {isa = PBXBuildFile; fileRef = 5BDF00E91C6CA31400A15E40 /* RTStatsUploadTester.m */; };
		5BE0D5B81C3D6F3B0064F97D /* RTCell.m in Sources */ = {isa = PBXBuildFile; fileRef = 5BE0D5B71C3D6F3B0064F97D /* RTCell.m */; };
		5BE164E41C5BA1FE003A6E5B /* Crashlytics.framework in Frameworks */ = {isa = PBXBuildFile; fileRef = 5B70CA111C3D17F60051D31F /* Crashlytics.framework */; };
		5BEC8C9E1C06FB000019BCD1 /* RTStartViewController.m in Sources */ = {isa = PBXBuildFile; fileRef = 5BEC8C9D1C06FB000019BCD1 /* RTStartViewController.m */; };
		5BEC8CA01C06FB2B0019BCD1 /* RTStartViewController.xib in Resources */ = {isa = PBXBuildFile; fileRef = 5BEC8C9F1C06FB2B0019BCD1 /* RTStartViewController.xib */; };
		5BEC8CA51C0706A00019BCD1 /* RTMobileWebViewController.m in Sources */ = {isa = PBXBuildFile; fileRef = 5BEC8CA31C0706A00019BCD1 /* RTMobileWebViewController.m */; };
		5BEC8CA61C0706A00019BCD1 /* RTMobileWebViewController.xib in Resources */ = {isa = PBXBuildFile; fileRef = 5BEC8CA41C0706A00019BCD1 /* RTMobileWebViewController.xib */; };
		5BEC8CAA1C0707F80019BCD1 /* UIViewController+RTUtils.m in Sources */ = {isa = PBXBuildFile; fileRef = 5BEC8CA91C0707F80019BCD1 /* UIViewController+RTUtils.m */; };
		5BEC8CAD1C07259B0019BCD1 /* NSURL+RTUtils.m in Sources */ = {isa = PBXBuildFile; fileRef = 5BEC8CAC1C07259B0019BCD1 /* NSURL+RTUtils.m */; };
		5BF51E5F1C6B996B00A4632C /* RTConfigurationLoadObserver.m in Sources */ = {isa = PBXBuildFile; fileRef = 5BF51E5E1C6B996B00A4632C /* RTConfigurationLoadObserver.m */; };
		61F733BFF3FBC00489B7CCB8 /* libPods-RevTest App.a in Frameworks */ = {isa = PBXBuildFile; fileRef = 8EBA9FF95906FE4C84E26539 /* libPods-RevTest App.a */; };
		65B3A7CF1C44E5EA003C9426 /* NSURLCache+ForceNoCache.m in Sources */ = {isa = PBXBuildFile; fileRef = 65B3A7CE1C44E5EA003C9426 /* NSURLCache+ForceNoCache.m */; };
		65C1EE571C4794D30095537E /* HTMLNode.m in Sources */ = {isa = PBXBuildFile; fileRef = 65C1EE541C4794D30095537E /* HTMLNode.m */; };
		65C1EE581C4794D30095537E /* HTMLParser.m in Sources */ = {isa = PBXBuildFile; fileRef = 65C1EE561C4794D30095537E /* HTMLParser.m */; };
		65C1EE5A1C4795460095537E /* libxml2.tbd in Frameworks */ = {isa = PBXBuildFile; fileRef = 65C1EE591C4795460095537E /* libxml2.tbd */; };
		65C1EE5D1C4796520095537E /* RTHTMLGrabber.m in Sources */ = {isa = PBXBuildFile; fileRef = 65C1EE5C1C4796520095537E /* RTHTMLGrabber.m */; };
		6D73CE081C27F1BA0095EA9C /* NSString+MD5.m in Sources */ = {isa = PBXBuildFile; fileRef = 6D73CE071C27F1BA0095EA9C /* NSString+MD5.m */; };
		6D7CB05D1C3D516500416020 /* RTIterationResult.m in Sources */ = {isa = PBXBuildFile; fileRef = 6D7CB05C1C3D516500416020 /* RTIterationResult.m */; };
		6D7CB0601C3D54E800416020 /* RTTestResult.m in Sources */ = {isa = PBXBuildFile; fileRef = 6D7CB05F1C3D54E800416020 /* RTTestResult.m */; };
		6D8BD9AA1C3FCD23008353DB /* RTTestCase.m in Sources */ = {isa = PBXBuildFile; fileRef = 6D8BD9A91C3FCD23008353DB /* RTTestCase.m */; };
		7E7966DE1810823500FA85AD /* icon-40.png in Resources */ = {isa = PBXBuildFile; fileRef = 7E7966D41810823500FA85AD /* icon-40.png */; };
		7E7966DF1810823500FA85AD /* icon-40@2x.png in Resources */ = {isa = PBXBuildFile; fileRef = 7E7966D51810823500FA85AD /* icon-40@2x.png */; };
		7E7966E01810823500FA85AD /* icon-50.png in Resources */ = {isa = PBXBuildFile; fileRef = 7E7966D61810823500FA85AD /* icon-50.png */; };
		7E7966E11810823500FA85AD /* icon-50@2x.png in Resources */ = {isa = PBXBuildFile; fileRef = 7E7966D71810823500FA85AD /* icon-50@2x.png */; };
		7E7966E21810823500FA85AD /* icon-60.png in Resources */ = {isa = PBXBuildFile; fileRef = 7E7966D81810823500FA85AD /* icon-60.png */; };
		7E7966E31810823500FA85AD /* icon-60@2x.png in Resources */ = {isa = PBXBuildFile; fileRef = 7E7966D91810823500FA85AD /* icon-60@2x.png */; };
		7E7966E41810823500FA85AD /* icon-76.png in Resources */ = {isa = PBXBuildFile; fileRef = 7E7966DA1810823500FA85AD /* icon-76.png */; };
		7E7966E51810823500FA85AD /* icon-76@2x.png in Resources */ = {isa = PBXBuildFile; fileRef = 7E7966DB1810823500FA85AD /* icon-76@2x.png */; };
		7E7966E61810823500FA85AD /* icon-small.png in Resources */ = {isa = PBXBuildFile; fileRef = 7E7966DC1810823500FA85AD /* icon-small.png */; };
		7E7966E71810823500FA85AD /* icon-small@2x.png in Resources */ = {isa = PBXBuildFile; fileRef = 7E7966DD1810823500FA85AD /* icon-small@2x.png */; };
		A7EC06CC1C562F8E00542AEE /* Storage.m in Sources */ = {isa = PBXBuildFile; fileRef = A7EC06CB1C562F8E00542AEE /* Storage.m */; };
		A7EC06D11C56384000542AEE /* PickerView.m in Sources */ = {isa = PBXBuildFile; fileRef = A7EC06D01C56384000542AEE /* PickerView.m */; };
		A7EC06D61C56427300542AEE /* PickerView.xib in Resources */ = {isa = PBXBuildFile; fileRef = A7EC06D51C56427300542AEE /* PickerView.xib */; };
		D4A0D8761607E02300AEF8BB /* Default-568h@2x~iphone.png in Resources */ = {isa = PBXBuildFile; fileRef = D4A0D8751607E02300AEF8BB /* Default-568h@2x~iphone.png */; };
/* End PBXBuildFile section */

/* Begin PBXContainerItemProxy section */
		5BB7F2401C6A2CB90095D508 /* PBXContainerItemProxy */ = {
			isa = PBXContainerItemProxy;
			containerPortal = 29B97313FDCFA39411CA2CEA /* Project object */;
			proxyType = 1;
			remoteGlobalIDString = 1D6058900D05DD3D006BFB54;
			remoteInfo = "RevTest App";
		};
/* End PBXContainerItemProxy section */

/* Begin PBXCopyFilesBuildPhase section */
		1179627B1C578804003B9E66 /* Embed Frameworks */ = {
			isa = PBXCopyFilesBuildPhase;
			buildActionMask = 2147483647;
			dstPath = "";
			dstSubfolderSpec = 10;
			files = (
				11918ECB1C7E536E007D4664 /* RevSDK.framework in Embed Frameworks */,
				1198FFA21C581A1300CB7FBA /* Crashlytics.framework in Embed Frameworks */,
				1198FFA01C581A0F00CB7FBA /* Fabric.framework in Embed Frameworks */,
			);
			name = "Embed Frameworks";
			runOnlyForDeploymentPostprocessing = 0;
		};
/* End PBXCopyFilesBuildPhase section */

/* Begin PBXFileReference section */
		1109F3CC1C401ED000ABB160 /* MessageUI.framework */ = {isa = PBXFileReference; lastKnownFileType = wrapper.framework; name = MessageUI.framework; path = System/Library/Frameworks/MessageUI.framework; sourceTree = SDKROOT; };
		11918EC91C7E536E007D4664 /* RevSDK.framework */ = {isa = PBXFileReference; explicitFileType = wrapper.framework; name = RevSDK.framework; path = "/Users/Alexander1/Library/Developer/Xcode/DerivedData/RevSDK-evtzuhfitxmxukbtzngfldtszrym/Build/Products/Debug-iphoneos/RevSDK.framework"; sourceTree = "<absolute>"; };
		1198FF9B1C5819D200CB7FBA /* Security.framework */ = {isa = PBXFileReference; lastKnownFileType = wrapper.framework; name = Security.framework; path = System/Library/Frameworks/Security.framework; sourceTree = SDKROOT; };
		1198FF9D1C5819DA00CB7FBA /* SystemConfiguration.framework */ = {isa = PBXFileReference; lastKnownFileType = wrapper.framework; name = SystemConfiguration.framework; path = System/Library/Frameworks/SystemConfiguration.framework; sourceTree = SDKROOT; };
		1D3623240D0F684500981E51 /* AppDelegate.h */ = {isa = PBXFileReference; fileEncoding = 4; lastKnownFileType = sourcecode.c.h; path = AppDelegate.h; sourceTree = "<group>"; };
		1D3623250D0F684500981E51 /* AppDelegate.m */ = {isa = PBXFileReference; fileEncoding = 4; lastKnownFileType = sourcecode.c.objc; path = AppDelegate.m; sourceTree = "<group>"; };
		1D6058910D05DD3D006BFB54 /* RevSDK Racer.app */ = {isa = PBXFileReference; explicitFileType = wrapper.application; includeInIndex = 0; path = "RevSDK Racer.app"; sourceTree = BUILT_PRODUCTS_DIR; };
		288765FC0DF74451002DB57D /* CoreGraphics.framework */ = {isa = PBXFileReference; lastKnownFileType = wrapper.framework; name = CoreGraphics.framework; path = System/Library/Frameworks/CoreGraphics.framework; sourceTree = SDKROOT; };
		29B97316FDCFA39411CA2CEA /* main.m */ = {isa = PBXFileReference; fileEncoding = 4; lastKnownFileType = sourcecode.c.objc; path = main.m; sourceTree = "<group>"; };
		302D95F014D2391D003F00A1 /* MainViewController.xib */ = {isa = PBXFileReference; fileEncoding = 4; lastKnownFileType = file.xib; path = MainViewController.xib; sourceTree = "<group>"; };
		305D5FD0115AB8F900A74A75 /* MobileCoreServices.framework */ = {isa = PBXFileReference; lastKnownFileType = wrapper.framework; name = MobileCoreServices.framework; path = System/Library/Frameworks/MobileCoreServices.framework; sourceTree = SDKROOT; };
		3088BBB7154F3926009F9C59 /* Default-Landscape@2x~ipad.png */ = {isa = PBXFileReference; lastKnownFileType = image.png; path = "Default-Landscape@2x~ipad.png"; sourceTree = "<group>"; };
		3088BBB8154F3926009F9C59 /* Default-Landscape~ipad.png */ = {isa = PBXFileReference; lastKnownFileType = image.png; path = "Default-Landscape~ipad.png"; sourceTree = "<group>"; };
		3088BBB9154F3926009F9C59 /* Default-Portrait@2x~ipad.png */ = {isa = PBXFileReference; lastKnownFileType = image.png; path = "Default-Portrait@2x~ipad.png"; sourceTree = "<group>"; };
		3088BBBA154F3926009F9C59 /* Default-Portrait~ipad.png */ = {isa = PBXFileReference; lastKnownFileType = image.png; path = "Default-Portrait~ipad.png"; sourceTree = "<group>"; };
		3088BBBB154F3926009F9C59 /* Default@2x~iphone.png */ = {isa = PBXFileReference; lastKnownFileType = image.png; path = "Default@2x~iphone.png"; sourceTree = "<group>"; };
		3088BBBC154F3926009F9C59 /* Default~iphone.png */ = {isa = PBXFileReference; lastKnownFileType = image.png; path = "Default~iphone.png"; sourceTree = "<group>"; };
		308D052E1370CCF300D202BF /* icon-72.png */ = {isa = PBXFileReference; lastKnownFileType = image.png; path = "icon-72.png"; sourceTree = "<group>"; };
		308D052F1370CCF300D202BF /* icon.png */ = {isa = PBXFileReference; lastKnownFileType = image.png; path = icon.png; sourceTree = "<group>"; };
		308D05301370CCF300D202BF /* icon@2x.png */ = {isa = PBXFileReference; lastKnownFileType = image.png; path = "icon@2x.png"; sourceTree = "<group>"; };
		30B4F2FD19D5E07200D9F7D8 /* Default-667h.png */ = {isa = PBXFileReference; lastKnownFileType = image.png; path = "Default-667h.png"; sourceTree = "<group>"; };
		30B4F2FE19D5E07200D9F7D8 /* Default-736h.png */ = {isa = PBXFileReference; lastKnownFileType = image.png; path = "Default-736h.png"; sourceTree = "<group>"; };
		30B4F2FF19D5E07200D9F7D8 /* Default-Landscape-736h.png */ = {isa = PBXFileReference; lastKnownFileType = image.png; path = "Default-Landscape-736h.png"; sourceTree = "<group>"; };
		30C1856519D5FC0A00212699 /* icon-60@3x.png */ = {isa = PBXFileReference; lastKnownFileType = image.png; path = "icon-60@3x.png"; sourceTree = "<group>"; };
		30FC414816E50CA1004E6F35 /* icon-72@2x.png */ = {isa = PBXFileReference; lastKnownFileType = image.png; path = "icon-72@2x.png"; sourceTree = "<group>"; };
		32CA4F630368D1EE00C91783 /* RevTest App-Prefix.pch */ = {isa = PBXFileReference; fileEncoding = 4; lastKnownFileType = sourcecode.c.h; path = "RevTest App-Prefix.pch"; sourceTree = "<group>"; };
		5573552DBF3CB60D8D7F80D3 /* Pods-RevTest App.release.xcconfig */ = {isa = PBXFileReference; includeInIndex = 1; lastKnownFileType = text.xcconfig; name = "Pods-RevTest App.release.xcconfig"; path = "../Pods/Target Support Files/Pods-RevTest App/Pods-RevTest App.release.xcconfig"; sourceTree = "<group>"; };
		5B0BFED81C0C53DE0057715A /* RTReportViewController.h */ = {isa = PBXFileReference; fileEncoding = 4; lastKnownFileType = sourcecode.c.h; path = RTReportViewController.h; sourceTree = "<group>"; };
		5B0BFED91C0C53DE0057715A /* RTReportViewController.m */ = {isa = PBXFileReference; fileEncoding = 4; lastKnownFileType = sourcecode.c.objc; path = RTReportViewController.m; sourceTree = "<group>"; };
		5B0BFEE51C0C6C1B0057715A /* RTReportCell.h */ = {isa = PBXFileReference; fileEncoding = 4; lastKnownFileType = sourcecode.c.h; path = RTReportCell.h; sourceTree = "<group>"; };
		5B0BFEE61C0C6C1B0057715A /* RTReportCell.m */ = {isa = PBXFileReference; fileEncoding = 4; lastKnownFileType = sourcecode.c.objc; path = RTReportCell.m; sourceTree = "<group>"; };
		5B0BFEE81C0C6C2E0057715A /* RTReportCell.xib */ = {isa = PBXFileReference; fileEncoding = 4; lastKnownFileType = file.xib; path = RTReportCell.xib; sourceTree = "<group>"; };
		5B0BFEEA1C0C82C30057715A /* RTContainerViewController.h */ = {isa = PBXFileReference; fileEncoding = 4; lastKnownFileType = sourcecode.c.h; path = RTContainerViewController.h; sourceTree = "<group>"; };
		5B0BFEEB1C0C82C30057715A /* RTContainerViewController.m */ = {isa = PBXFileReference; fileEncoding = 4; lastKnownFileType = sourcecode.c.objc; path = RTContainerViewController.m; sourceTree = "<group>"; };
		5B0BFEED1C0C86ED0057715A /* RTTestStatsViewController.h */ = {isa = PBXFileReference; fileEncoding = 4; lastKnownFileType = sourcecode.c.h; path = RTTestStatsViewController.h; sourceTree = "<group>"; };
		5B0BFEEE1C0C86ED0057715A /* RTTestStatsViewController.m */ = {isa = PBXFileReference; fileEncoding = 4; lastKnownFileType = sourcecode.c.objc; path = RTTestStatsViewController.m; sourceTree = "<group>"; };
		5B0BFEEF1C0C86ED0057715A /* RTTestStatsViewController.xib */ = {isa = PBXFileReference; fileEncoding = 4; lastKnownFileType = file.xib; path = RTTestStatsViewController.xib; sourceTree = "<group>"; };
		5B0BFEF31C0CA0890057715A /* NSArray+Stats.h */ = {isa = PBXFileReference; fileEncoding = 4; lastKnownFileType = sourcecode.c.h; path = "NSArray+Stats.h"; sourceTree = "<group>"; };
		5B0BFEF41C0CA0890057715A /* NSArray+Stats.m */ = {isa = PBXFileReference; fileEncoding = 4; lastKnownFileType = sourcecode.c.objc; path = "NSArray+Stats.m"; sourceTree = "<group>"; };
		5B0BFEFB1C0CACC90057715A /* RTReportViewController.xib */ = {isa = PBXFileReference; fileEncoding = 4; lastKnownFileType = file.xib; path = RTReportViewController.xib; sourceTree = "<group>"; };
		5B1039781C11763C003CA9A1 /* RTTestModel.h */ = {isa = PBXFileReference; fileEncoding = 4; lastKnownFileType = sourcecode.c.h; path = RTTestModel.h; sourceTree = "<group>"; };
		5B1039791C11763C003CA9A1 /* RTTestModel.mm */ = {isa = PBXFileReference; fileEncoding = 4; lastKnownFileType = sourcecode.cpp.objcpp; path = RTTestModel.mm; sourceTree = "<group>"; };
		5B1594DC16A7569C00FEF299 /* AssetsLibrary.framework */ = {isa = PBXFileReference; lastKnownFileType = wrapper.framework; name = AssetsLibrary.framework; path = System/Library/Frameworks/AssetsLibrary.framework; sourceTree = SDKROOT; };
		5B25817D1C17155F00C55959 /* RTUtils.h */ = {isa = PBXFileReference; fileEncoding = 4; lastKnownFileType = sourcecode.c.h; path = RTUtils.h; sourceTree = "<group>"; };
		5B25817E1C17155F00C55959 /* RTUtils.m */ = {isa = PBXFileReference; fileEncoding = 4; lastKnownFileType = sourcecode.c.objc; path = RTUtils.m; sourceTree = "<group>"; };
		5B43F58C1C4404F900D6F33D /* Assets.xcassets */ = {isa = PBXFileReference; lastKnownFileType = folder.assetcatalog; name = Assets.xcassets; path = "RevTest App/Assets.xcassets"; sourceTree = "<group>"; };
		5B43F58E1C44053200D6F33D /* Images.xcassets */ = {isa = PBXFileReference; lastKnownFileType = folder.assetcatalog; name = Images.xcassets; path = "RevTest App/Images.xcassets"; sourceTree = SOURCE_ROOT; };
		5B58B34E1C626D31002B14EC /* RTRequestTestLoop.h */ = {isa = PBXFileReference; fileEncoding = 4; lastKnownFileType = sourcecode.c.h; path = RTRequestTestLoop.h; sourceTree = "<group>"; };
		5B58B34F1C626D31002B14EC /* RTRequestTestLoop.m */ = {isa = PBXFileReference; fileEncoding = 4; lastKnownFileType = sourcecode.c.objc; path = RTRequestTestLoop.m; sourceTree = "<group>"; };
		5B70CA101C3D17F60051D31F /* Fabric.framework */ = {isa = PBXFileReference; lastKnownFileType = wrapper.framework; path = Fabric.framework; sourceTree = "<group>"; };
		5B70CA111C3D17F60051D31F /* Crashlytics.framework */ = {isa = PBXFileReference; lastKnownFileType = wrapper.framework; path = Crashlytics.framework; sourceTree = "<group>"; };
		5B70CA161C3D19E00051D31F /* libz.tbd */ = {isa = PBXFileReference; lastKnownFileType = "sourcecode.text-based-dylib-definition"; name = libz.tbd; path = usr/lib/libz.tbd; sourceTree = SDKROOT; };
		5B70CA181C3D19E80051D31F /* libc++.tbd */ = {isa = PBXFileReference; lastKnownFileType = "sourcecode.text-based-dylib-definition"; name = "libc++.tbd"; path = "usr/lib/libc++.tbd"; sourceTree = SDKROOT; };
		5B7804DD1C15E241003AD4F5 /* RTNativeMobileViewController.h */ = {isa = PBXFileReference; fileEncoding = 4; lastKnownFileType = sourcecode.c.h; path = RTNativeMobileViewController.h; sourceTree = "<group>"; };
		5B7804DE1C15E241003AD4F5 /* RTNativeMobileViewController.m */ = {isa = PBXFileReference; fileEncoding = 4; lastKnownFileType = sourcecode.c.objc; path = RTNativeMobileViewController.m; sourceTree = "<group>"; };
		5B7804DF1C15E241003AD4F5 /* RTNativeMobileViewController.xib */ = {isa = PBXFileReference; fileEncoding = 4; lastKnownFileType = file.xib; path = RTNativeMobileViewController.xib; sourceTree = "<group>"; };
		5B8767B41C4E55DC00363906 /* newrelic_postbuild.sh */ = {isa = PBXFileReference; fileEncoding = 4; lastKnownFileType = text.script.sh; path = newrelic_postbuild.sh; sourceTree = "<group>"; };
		5B925DE91C11BFD80021B077 /* Launch Screen.storyboard */ = {isa = PBXFileReference; fileEncoding = 4; lastKnownFileType = file.storyboard; path = "Launch Screen.storyboard"; sourceTree = "<group>"; };
		5B925DEB1C11BFF10021B077 /* logo_revAPM.png */ = {isa = PBXFileReference; lastKnownFileType = image.png; path = logo_revAPM.png; sourceTree = "<group>"; };
		5B999C391C773D36002076C1 /* RevSDK.framework */ = {isa = PBXFileReference; explicitFileType = wrapper.framework; name = RevSDK.framework; path = "../DerivedData/Build/Products/Release-iphoneos/RevSDK.framework"; sourceTree = "<group>"; };
		5BB7F23B1C6A2CB90095D508 /* revsdkdemo.xctest */ = {isa = PBXFileReference; explicitFileType = wrapper.cfbundle; includeInIndex = 0; path = revsdkdemo.xctest; sourceTree = BUILT_PRODUCTS_DIR; };
		5BB7F23F1C6A2CB90095D508 /* Info.plist */ = {isa = PBXFileReference; lastKnownFileType = text.plist.xml; path = Info.plist; sourceTree = "<group>"; };
		5BB7F2451C6A2D1D0095D508 /* revsdkdemo.m */ = {isa = PBXFileReference; fileEncoding = 4; lastKnownFileType = sourcecode.c.objc; path = revsdkdemo.m; sourceTree = "<group>"; };
		5BBAA0021C6CE0C700AC492B /* RTProtocolSwitchTester.h */ = {isa = PBXFileReference; fileEncoding = 4; lastKnownFileType = sourcecode.c.h; path = RTProtocolSwitchTester.h; sourceTree = "<group>"; };
		5BBAA0031C6CE0C700AC492B /* RTProtocolSwitchTester.m */ = {isa = PBXFileReference; fileEncoding = 4; lastKnownFileType = sourcecode.c.objc; path = RTProtocolSwitchTester.m; sourceTree = "<group>"; };
		5BDE69431C1826CC001DB8D4 /* UIViewController+RTTesting.h */ = {isa = PBXFileReference; fileEncoding = 4; lastKnownFileType = sourcecode.c.h; path = "UIViewController+RTTesting.h"; sourceTree = "<group>"; };
		5BDE69441C1826CC001DB8D4 /* UIViewController+RTTesting.m */ = {isa = PBXFileReference; fileEncoding = 4; lastKnownFileType = sourcecode.c.objc; path = "UIViewController+RTTesting.m"; sourceTree = "<group>"; };
		5BDF00E81C6CA31400A15E40 /* RTStatsUploadTester.h */ = {isa = PBXFileReference; fileEncoding = 4; lastKnownFileType = sourcecode.c.h; path = RTStatsUploadTester.h; sourceTree = "<group>"; };
		5BDF00E91C6CA31400A15E40 /* RTStatsUploadTester.m */ = {isa = PBXFileReference; fileEncoding = 4; lastKnownFileType = sourcecode.c.objc; path = RTStatsUploadTester.m; sourceTree = "<group>"; };
		5BE0D5B61C3D6F3B0064F97D /* RTCell.h */ = {isa = PBXFileReference; fileEncoding = 4; lastKnownFileType = sourcecode.c.h; path = RTCell.h; sourceTree = "<group>"; };
		5BE0D5B71C3D6F3B0064F97D /* RTCell.m */ = {isa = PBXFileReference; fileEncoding = 4; lastKnownFileType = sourcecode.c.objc; path = RTCell.m; sourceTree = "<group>"; };
		5BEC8C9C1C06FB000019BCD1 /* RTStartViewController.h */ = {isa = PBXFileReference; fileEncoding = 4; lastKnownFileType = sourcecode.c.h; path = RTStartViewController.h; sourceTree = "<group>"; };
		5BEC8C9D1C06FB000019BCD1 /* RTStartViewController.m */ = {isa = PBXFileReference; fileEncoding = 4; lastKnownFileType = sourcecode.c.objc; path = RTStartViewController.m; sourceTree = "<group>"; };
		5BEC8C9F1C06FB2B0019BCD1 /* RTStartViewController.xib */ = {isa = PBXFileReference; fileEncoding = 4; lastKnownFileType = file.xib; path = RTStartViewController.xib; sourceTree = "<group>"; };
		5BEC8CA21C0706A00019BCD1 /* RTMobileWebViewController.h */ = {isa = PBXFileReference; fileEncoding = 4; lastKnownFileType = sourcecode.c.h; path = RTMobileWebViewController.h; sourceTree = "<group>"; };
		5BEC8CA31C0706A00019BCD1 /* RTMobileWebViewController.m */ = {isa = PBXFileReference; fileEncoding = 4; lastKnownFileType = sourcecode.c.objc; path = RTMobileWebViewController.m; sourceTree = "<group>"; };
		5BEC8CA41C0706A00019BCD1 /* RTMobileWebViewController.xib */ = {isa = PBXFileReference; fileEncoding = 4; lastKnownFileType = file.xib; path = RTMobileWebViewController.xib; sourceTree = "<group>"; };
		5BEC8CA81C0707F80019BCD1 /* UIViewController+RTUtils.h */ = {isa = PBXFileReference; fileEncoding = 4; lastKnownFileType = sourcecode.c.h; path = "UIViewController+RTUtils.h"; sourceTree = "<group>"; };
		5BEC8CA91C0707F80019BCD1 /* UIViewController+RTUtils.m */ = {isa = PBXFileReference; fileEncoding = 4; lastKnownFileType = sourcecode.c.objc; path = "UIViewController+RTUtils.m"; sourceTree = "<group>"; };
		5BEC8CAB1C07259B0019BCD1 /* NSURL+RTUtils.h */ = {isa = PBXFileReference; fileEncoding = 4; lastKnownFileType = sourcecode.c.h; path = "NSURL+RTUtils.h"; sourceTree = "<group>"; };
		5BEC8CAC1C07259B0019BCD1 /* NSURL+RTUtils.m */ = {isa = PBXFileReference; fileEncoding = 4; lastKnownFileType = sourcecode.c.objc; path = "NSURL+RTUtils.m"; sourceTree = "<group>"; };
		5BF51E5D1C6B996B00A4632C /* RTConfigurationLoadObserver.h */ = {isa = PBXFileReference; fileEncoding = 4; lastKnownFileType = sourcecode.c.h; path = RTConfigurationLoadObserver.h; sourceTree = "<group>"; };
		5BF51E5E1C6B996B00A4632C /* RTConfigurationLoadObserver.m */ = {isa = PBXFileReference; fileEncoding = 4; lastKnownFileType = sourcecode.c.objc; path = RTConfigurationLoadObserver.m; sourceTree = "<group>"; };
		65B3A7CD1C44E5EA003C9426 /* NSURLCache+ForceNoCache.h */ = {isa = PBXFileReference; fileEncoding = 4; lastKnownFileType = sourcecode.c.h; path = "NSURLCache+ForceNoCache.h"; sourceTree = "<group>"; };
		65B3A7CE1C44E5EA003C9426 /* NSURLCache+ForceNoCache.m */ = {isa = PBXFileReference; fileEncoding = 4; lastKnownFileType = sourcecode.c.objc; path = "NSURLCache+ForceNoCache.m"; sourceTree = "<group>"; };
		65C1EE531C4794D30095537E /* HTMLNode.h */ = {isa = PBXFileReference; fileEncoding = 4; lastKnownFileType = sourcecode.c.h; path = HTMLNode.h; sourceTree = "<group>"; };
		65C1EE541C4794D30095537E /* HTMLNode.m */ = {isa = PBXFileReference; fileEncoding = 4; lastKnownFileType = sourcecode.c.objc; path = HTMLNode.m; sourceTree = "<group>"; };
		65C1EE551C4794D30095537E /* HTMLParser.h */ = {isa = PBXFileReference; fileEncoding = 4; lastKnownFileType = sourcecode.c.h; path = HTMLParser.h; sourceTree = "<group>"; };
		65C1EE561C4794D30095537E /* HTMLParser.m */ = {isa = PBXFileReference; fileEncoding = 4; lastKnownFileType = sourcecode.c.objc; path = HTMLParser.m; sourceTree = "<group>"; };
		65C1EE591C4795460095537E /* libxml2.tbd */ = {isa = PBXFileReference; lastKnownFileType = "sourcecode.text-based-dylib-definition"; name = libxml2.tbd; path = usr/lib/libxml2.tbd; sourceTree = SDKROOT; };
		65C1EE5B1C4796520095537E /* RTHTMLGrabber.h */ = {isa = PBXFileReference; fileEncoding = 4; lastKnownFileType = sourcecode.c.h; path = RTHTMLGrabber.h; sourceTree = "<group>"; };
		65C1EE5C1C4796520095537E /* RTHTMLGrabber.m */ = {isa = PBXFileReference; fileEncoding = 4; lastKnownFileType = sourcecode.c.objc; path = RTHTMLGrabber.m; sourceTree = "<group>"; };
		6D73CE061C27F1BA0095EA9C /* NSString+MD5.h */ = {isa = PBXFileReference; fileEncoding = 4; lastKnownFileType = sourcecode.c.h; name = "NSString+MD5.h"; path = "RevTest App/Classes/Categories/NSString+MD5.h"; sourceTree = SOURCE_ROOT; };
		6D73CE071C27F1BA0095EA9C /* NSString+MD5.m */ = {isa = PBXFileReference; fileEncoding = 4; lastKnownFileType = sourcecode.c.objc; name = "NSString+MD5.m"; path = "RevTest App/Classes/Categories/NSString+MD5.m"; sourceTree = SOURCE_ROOT; };
		6D7CB05B1C3D514900416020 /* RTIterationResult.h */ = {isa = PBXFileReference; fileEncoding = 4; lastKnownFileType = sourcecode.c.h; path = RTIterationResult.h; sourceTree = "<group>"; };
		6D7CB05C1C3D516500416020 /* RTIterationResult.m */ = {isa = PBXFileReference; fileEncoding = 4; lastKnownFileType = sourcecode.c.objc; path = RTIterationResult.m; sourceTree = "<group>"; };
		6D7CB05E1C3D518F00416020 /* RTTestResult.h */ = {isa = PBXFileReference; fileEncoding = 4; lastKnownFileType = sourcecode.c.h; path = RTTestResult.h; sourceTree = "<group>"; };
		6D7CB05F1C3D54E800416020 /* RTTestResult.m */ = {isa = PBXFileReference; fileEncoding = 4; lastKnownFileType = sourcecode.c.objc; path = RTTestResult.m; sourceTree = "<group>"; };
		6D8BD9A91C3FCD23008353DB /* RTTestCase.m */ = {isa = PBXFileReference; fileEncoding = 4; lastKnownFileType = sourcecode.c.objc; path = RTTestCase.m; sourceTree = "<group>"; };
		6D8BD9AB1C3FCD31008353DB /* RTTestCase.h */ = {isa = PBXFileReference; lastKnownFileType = sourcecode.c.h; path = RTTestCase.h; sourceTree = "<group>"; };
		7E7966D41810823500FA85AD /* icon-40.png */ = {isa = PBXFileReference; lastKnownFileType = image.png; path = "icon-40.png"; sourceTree = "<group>"; };
		7E7966D51810823500FA85AD /* icon-40@2x.png */ = {isa = PBXFileReference; lastKnownFileType = image.png; path = "icon-40@2x.png"; sourceTree = "<group>"; };
		7E7966D61810823500FA85AD /* icon-50.png */ = {isa = PBXFileReference; lastKnownFileType = image.png; path = "icon-50.png"; sourceTree = "<group>"; };
		7E7966D71810823500FA85AD /* icon-50@2x.png */ = {isa = PBXFileReference; lastKnownFileType = image.png; path = "icon-50@2x.png"; sourceTree = "<group>"; };
		7E7966D81810823500FA85AD /* icon-60.png */ = {isa = PBXFileReference; lastKnownFileType = image.png; path = "icon-60.png"; sourceTree = "<group>"; };
		7E7966D91810823500FA85AD /* icon-60@2x.png */ = {isa = PBXFileReference; lastKnownFileType = image.png; path = "icon-60@2x.png"; sourceTree = "<group>"; };
		7E7966DA1810823500FA85AD /* icon-76.png */ = {isa = PBXFileReference; lastKnownFileType = image.png; path = "icon-76.png"; sourceTree = "<group>"; };
		7E7966DB1810823500FA85AD /* icon-76@2x.png */ = {isa = PBXFileReference; lastKnownFileType = image.png; path = "icon-76@2x.png"; sourceTree = "<group>"; };
		7E7966DC1810823500FA85AD /* icon-small.png */ = {isa = PBXFileReference; lastKnownFileType = image.png; path = "icon-small.png"; sourceTree = "<group>"; };
		7E7966DD1810823500FA85AD /* icon-small@2x.png */ = {isa = PBXFileReference; lastKnownFileType = image.png; path = "icon-small@2x.png"; sourceTree = "<group>"; };
		8D1107310486CEB800E47090 /* RevTest App-Info.plist */ = {isa = PBXFileReference; fileEncoding = 4; lastKnownFileType = text.plist.xml; name = "RevTest App-Info.plist"; path = "../RevTest App-Info.plist"; plistStructureDefinitionIdentifier = "com.apple.xcode.plist.structure-definition.iphone.info-plist"; sourceTree = "<group>"; };
		8EBA9FF95906FE4C84E26539 /* libPods-RevTest App.a */ = {isa = PBXFileReference; explicitFileType = archive.ar; includeInIndex = 0; path = "libPods-RevTest App.a"; sourceTree = BUILT_PRODUCTS_DIR; };
		9E7497F3B8E7A0C0D288F2E0 /* Pods-RevTest App.debug.xcconfig */ = {isa = PBXFileReference; includeInIndex = 1; lastKnownFileType = text.xcconfig; name = "Pods-RevTest App.debug.xcconfig"; path = "../Pods/Target Support Files/Pods-RevTest App/Pods-RevTest App.debug.xcconfig"; sourceTree = "<group>"; };
		A7EC06CA1C562F8E00542AEE /* Storage.h */ = {isa = PBXFileReference; fileEncoding = 4; lastKnownFileType = sourcecode.c.h; path = Storage.h; sourceTree = "<group>"; };
		A7EC06CB1C562F8E00542AEE /* Storage.m */ = {isa = PBXFileReference; fileEncoding = 4; lastKnownFileType = sourcecode.c.objc; path = Storage.m; sourceTree = "<group>"; };
		A7EC06CF1C56384000542AEE /* PickerView.h */ = {isa = PBXFileReference; fileEncoding = 4; lastKnownFileType = sourcecode.c.h; path = PickerView.h; sourceTree = "<group>"; };
		A7EC06D01C56384000542AEE /* PickerView.m */ = {isa = PBXFileReference; fileEncoding = 4; lastKnownFileType = sourcecode.c.objc; path = PickerView.m; sourceTree = "<group>"; };
		A7EC06D51C56427300542AEE /* PickerView.xib */ = {isa = PBXFileReference; fileEncoding = 4; lastKnownFileType = file.xib; path = PickerView.xib; sourceTree = "<group>"; };
		D4A0D8751607E02300AEF8BB /* Default-568h@2x~iphone.png */ = {isa = PBXFileReference; lastKnownFileType = image.png; path = "Default-568h@2x~iphone.png"; sourceTree = "<group>"; };
/* End PBXFileReference section */

/* Begin PBXFrameworksBuildPhase section */
		1D60588F0D05DD3D006BFB54 /* Frameworks */ = {
			isa = PBXFrameworksBuildPhase;
			buildActionMask = 2147483647;
			files = (
				1198FF9E1C5819DA00CB7FBA /* SystemConfiguration.framework in Frameworks */,
				1198FF9C1C5819D200CB7FBA /* Security.framework in Frameworks */,
				5B0EE1B31C51154B00BFE90A /* MessageUI.framework in Frameworks */,
				11918ECA1C7E536E007D4664 /* RevSDK.framework in Frameworks */,
				65C1EE5A1C4795460095537E /* libxml2.tbd in Frameworks */,
				5B70CA191C3D19E80051D31F /* libc++.tbd in Frameworks */,
				5B70CA171C3D19E00051D31F /* libz.tbd in Frameworks */,
				5B1594DD16A7569C00FEF299 /* AssetsLibrary.framework in Frameworks */,
				288765FD0DF74451002DB57D /* CoreGraphics.framework in Frameworks */,
				305D5FD1115AB8F900A74A75 /* MobileCoreServices.framework in Frameworks */,
				61F733BFF3FBC00489B7CCB8 /* libPods-RevTest App.a in Frameworks */,
				1198FF9F1C581A0F00CB7FBA /* Fabric.framework in Frameworks */,
				5BE164E41C5BA1FE003A6E5B /* Crashlytics.framework in Frameworks */,
			);
			runOnlyForDeploymentPostprocessing = 0;
		};
		5BB7F2381C6A2CB90095D508 /* Frameworks */ = {
			isa = PBXFrameworksBuildPhase;
			buildActionMask = 2147483647;
			files = (
				5BB7F2561C6A3DC00095D508 /* libc++.tbd in Frameworks */,
				5BB7F2551C6A3DB80095D508 /* libz.tbd in Frameworks */,
				5BB7F24B1C6A38AA0095D508 /* libxml2.tbd in Frameworks */,
			);
			runOnlyForDeploymentPostprocessing = 0;
		};
/* End PBXFrameworksBuildPhase section */

/* Begin PBXGroup section */
		080E96DDFE201D6D7F000001 /* Classes */ = {
			isa = PBXGroup;
			children = (
				A7EC06CE1C562FB400542AEE /* Core */,
				5B25817C1C17154C00C55959 /* Utils */,
				5B1039771C1175F6003CA9A1 /* Model */,
				5B0BFEE31C0C6BFA0057715A /* Views */,
				5BEC8CA71C0707D60019BCD1 /* Categories */,
				5BEC8C9B1C06FAD90019BCD1 /* ViewControllers */,
				302D95F014D2391D003F00A1 /* MainViewController.xib */,
				1D3623240D0F684500981E51 /* AppDelegate.h */,
				1D3623250D0F684500981E51 /* AppDelegate.m */,
			);
			name = Classes;
			path = "RevTest App/Classes";
			sourceTree = SOURCE_ROOT;
		};
		19C28FACFE9D520D11CA2CBB /* Products */ = {
			isa = PBXGroup;
			children = (
				1D6058910D05DD3D006BFB54 /* RevSDK Racer.app */,
				5BB7F23B1C6A2CB90095D508 /* revsdkdemo.xctest */,
			);
			name = Products;
			sourceTree = "<group>";
		};
		29B97314FDCFA39411CA2CEA /* CustomTemplate */ = {
			isa = PBXGroup;
			children = (
				11918EC91C7E536E007D4664 /* RevSDK.framework */,
				5B999C391C773D36002076C1 /* RevSDK.framework */,
				5B43F58C1C4404F900D6F33D /* Assets.xcassets */,
				080E96DDFE201D6D7F000001 /* Classes */,
				29B97315FDCFA39411CA2CEA /* Other Sources */,
				65C1EE511C4794D30095537E /* ThirdParty */,
				29B97317FDCFA39411CA2CEA /* Resources */,
				5BB7F23C1C6A2CB90095D508 /* revsdkdemo */,
				29B97323FDCFA39411CA2CEA /* Frameworks */,
				19C28FACFE9D520D11CA2CBB /* Products */,
				2A9CDFBE923BCBF87827823E /* Pods */,
			);
			name = CustomTemplate;
			sourceTree = "<group>";
		};
		29B97315FDCFA39411CA2CEA /* Other Sources */ = {
			isa = PBXGroup;
			children = (
				32CA4F630368D1EE00C91783 /* RevTest App-Prefix.pch */,
				29B97316FDCFA39411CA2CEA /* main.m */,
			);
			name = "Other Sources";
			path = "RevTest App";
			sourceTree = "<group>";
		};
		29B97317FDCFA39411CA2CEA /* Resources */ = {
			isa = PBXGroup;
			children = (
				5B43F58E1C44053200D6F33D /* Images.xcassets */,
				308D052D1370CCF300D202BF /* icons */,
				308D05311370CCF300D202BF /* splash */,
				8D1107310486CEB800E47090 /* RevTest App-Info.plist */,
				5B925DE91C11BFD80021B077 /* Launch Screen.storyboard */,
				5B8767B41C4E55DC00363906 /* newrelic_postbuild.sh */,
			);
			name = Resources;
			path = "RevTest App/Resources";
			sourceTree = "<group>";
		};
		29B97323FDCFA39411CA2CEA /* Frameworks */ = {
			isa = PBXGroup;
			children = (
				1198FF9D1C5819DA00CB7FBA /* SystemConfiguration.framework */,
				1198FF9B1C5819D200CB7FBA /* Security.framework */,
				65C1EE591C4795460095537E /* libxml2.tbd */,
				1109F3CC1C401ED000ABB160 /* MessageUI.framework */,
				5B70CA181C3D19E80051D31F /* libc++.tbd */,
				5B70CA161C3D19E00051D31F /* libz.tbd */,
				5B70CA101C3D17F60051D31F /* Fabric.framework */,
				5B70CA111C3D17F60051D31F /* Crashlytics.framework */,
				5B1594DC16A7569C00FEF299 /* AssetsLibrary.framework */,
				288765FC0DF74451002DB57D /* CoreGraphics.framework */,
				305D5FD0115AB8F900A74A75 /* MobileCoreServices.framework */,
				8EBA9FF95906FE4C84E26539 /* libPods-RevTest App.a */,
			);
			name = Frameworks;
			sourceTree = "<group>";
		};
		2A9CDFBE923BCBF87827823E /* Pods */ = {
			isa = PBXGroup;
			children = (
				9E7497F3B8E7A0C0D288F2E0 /* Pods-RevTest App.debug.xcconfig */,
				5573552DBF3CB60D8D7F80D3 /* Pods-RevTest App.release.xcconfig */,
			);
			name = Pods;
			sourceTree = "<group>";
		};
		308D052D1370CCF300D202BF /* icons */ = {
			isa = PBXGroup;
			children = (
				30C1856519D5FC0A00212699 /* icon-60@3x.png */,
				7E7966D41810823500FA85AD /* icon-40.png */,
				7E7966D51810823500FA85AD /* icon-40@2x.png */,
				7E7966D61810823500FA85AD /* icon-50.png */,
				7E7966D71810823500FA85AD /* icon-50@2x.png */,
				7E7966D81810823500FA85AD /* icon-60.png */,
				7E7966D91810823500FA85AD /* icon-60@2x.png */,
				7E7966DA1810823500FA85AD /* icon-76.png */,
				7E7966DB1810823500FA85AD /* icon-76@2x.png */,
				7E7966DC1810823500FA85AD /* icon-small.png */,
				7E7966DD1810823500FA85AD /* icon-small@2x.png */,
				30FC414816E50CA1004E6F35 /* icon-72@2x.png */,
				308D052E1370CCF300D202BF /* icon-72.png */,
				308D052F1370CCF300D202BF /* icon.png */,
				308D05301370CCF300D202BF /* icon@2x.png */,
			);
			path = icons;
			sourceTree = "<group>";
		};
		308D05311370CCF300D202BF /* splash */ = {
			isa = PBXGroup;
			children = (
				5B925DEB1C11BFF10021B077 /* logo_revAPM.png */,
				30B4F2FD19D5E07200D9F7D8 /* Default-667h.png */,
				30B4F2FE19D5E07200D9F7D8 /* Default-736h.png */,
				30B4F2FF19D5E07200D9F7D8 /* Default-Landscape-736h.png */,
				D4A0D8751607E02300AEF8BB /* Default-568h@2x~iphone.png */,
				3088BBB7154F3926009F9C59 /* Default-Landscape@2x~ipad.png */,
				3088BBB8154F3926009F9C59 /* Default-Landscape~ipad.png */,
				3088BBB9154F3926009F9C59 /* Default-Portrait@2x~ipad.png */,
				3088BBBA154F3926009F9C59 /* Default-Portrait~ipad.png */,
				3088BBBB154F3926009F9C59 /* Default@2x~iphone.png */,
				3088BBBC154F3926009F9C59 /* Default~iphone.png */,
			);
			path = splash;
			sourceTree = "<group>";
		};
		5B0BFEE31C0C6BFA0057715A /* Views */ = {
			isa = PBXGroup;
			children = (
				5B0BFEE41C0C6BFA0057715A /* Cells */,
				A7EC06D21C56384F00542AEE /* PickerView */,
			);
			path = Views;
			sourceTree = "<group>";
		};
		5B0BFEE41C0C6BFA0057715A /* Cells */ = {
			isa = PBXGroup;
			children = (
				5B0BFEE51C0C6C1B0057715A /* RTReportCell.h */,
				5B0BFEE61C0C6C1B0057715A /* RTReportCell.m */,
				5B0BFEE81C0C6C2E0057715A /* RTReportCell.xib */,
				5BE0D5B61C3D6F3B0064F97D /* RTCell.h */,
				5BE0D5B71C3D6F3B0064F97D /* RTCell.m */,
			);
			path = Cells;
			sourceTree = "<group>";
		};
		5B1039771C1175F6003CA9A1 /* Model */ = {
			isa = PBXGroup;
			children = (
				5B1039781C11763C003CA9A1 /* RTTestModel.h */,
				5B1039791C11763C003CA9A1 /* RTTestModel.mm */,
				6D7CB05B1C3D514900416020 /* RTIterationResult.h */,
				6D7CB05C1C3D516500416020 /* RTIterationResult.m */,
				6D7CB05E1C3D518F00416020 /* RTTestResult.h */,
				6D7CB05F1C3D54E800416020 /* RTTestResult.m */,
				6D8BD9AB1C3FCD31008353DB /* RTTestCase.h */,
				6D8BD9A91C3FCD23008353DB /* RTTestCase.m */,
				65C1EE5B1C4796520095537E /* RTHTMLGrabber.h */,
				65C1EE5C1C4796520095537E /* RTHTMLGrabber.m */,
				5B58B34E1C626D31002B14EC /* RTRequestTestLoop.h */,
				5B58B34F1C626D31002B14EC /* RTRequestTestLoop.m */,
				5BF51E5D1C6B996B00A4632C /* RTConfigurationLoadObserver.h */,
				5BF51E5E1C6B996B00A4632C /* RTConfigurationLoadObserver.m */,
				5BDF00E81C6CA31400A15E40 /* RTStatsUploadTester.h */,
				5BDF00E91C6CA31400A15E40 /* RTStatsUploadTester.m */,
				5BBAA0021C6CE0C700AC492B /* RTProtocolSwitchTester.h */,
				5BBAA0031C6CE0C700AC492B /* RTProtocolSwitchTester.m */,
			);
			path = Model;
			sourceTree = "<group>";
		};
		5B25817C1C17154C00C55959 /* Utils */ = {
			isa = PBXGroup;
			children = (
				5B25817D1C17155F00C55959 /* RTUtils.h */,
				5B25817E1C17155F00C55959 /* RTUtils.m */,
			);
			path = Utils;
			sourceTree = "<group>";
		};
		5BB7F23C1C6A2CB90095D508 /* revsdkdemo */ = {
			isa = PBXGroup;
			children = (
				5BB7F2451C6A2D1D0095D508 /* revsdkdemo.m */,
				5BB7F23F1C6A2CB90095D508 /* Info.plist */,
			);
			path = revsdkdemo;
			sourceTree = "<group>";
		};
		5BEC8C9B1C06FAD90019BCD1 /* ViewControllers */ = {
			isa = PBXGroup;
			children = (
				5BEC8C9C1C06FB000019BCD1 /* RTStartViewController.h */,
				5BEC8C9D1C06FB000019BCD1 /* RTStartViewController.m */,
				5BEC8C9F1C06FB2B0019BCD1 /* RTStartViewController.xib */,
				5BEC8CA21C0706A00019BCD1 /* RTMobileWebViewController.h */,
				5BEC8CA31C0706A00019BCD1 /* RTMobileWebViewController.m */,
				5BEC8CA41C0706A00019BCD1 /* RTMobileWebViewController.xib */,
				5B0BFED81C0C53DE0057715A /* RTReportViewController.h */,
				5B0BFED91C0C53DE0057715A /* RTReportViewController.m */,
				5B0BFEFB1C0CACC90057715A /* RTReportViewController.xib */,
				5B0BFEEA1C0C82C30057715A /* RTContainerViewController.h */,
				5B0BFEEB1C0C82C30057715A /* RTContainerViewController.m */,
				5B0BFEED1C0C86ED0057715A /* RTTestStatsViewController.h */,
				5B0BFEEE1C0C86ED0057715A /* RTTestStatsViewController.m */,
				5B0BFEEF1C0C86ED0057715A /* RTTestStatsViewController.xib */,
				5B7804DD1C15E241003AD4F5 /* RTNativeMobileViewController.h */,
				5B7804DE1C15E241003AD4F5 /* RTNativeMobileViewController.m */,
				5B7804DF1C15E241003AD4F5 /* RTNativeMobileViewController.xib */,
			);
			path = ViewControllers;
			sourceTree = "<group>";
		};
		5BEC8CA71C0707D60019BCD1 /* Categories */ = {
			isa = PBXGroup;
			children = (
				6D73CE061C27F1BA0095EA9C /* NSString+MD5.h */,
				6D73CE071C27F1BA0095EA9C /* NSString+MD5.m */,
				5BEC8CA81C0707F80019BCD1 /* UIViewController+RTUtils.h */,
				5BEC8CA91C0707F80019BCD1 /* UIViewController+RTUtils.m */,
				5BEC8CAB1C07259B0019BCD1 /* NSURL+RTUtils.h */,
				5BEC8CAC1C07259B0019BCD1 /* NSURL+RTUtils.m */,
				5B0BFEF31C0CA0890057715A /* NSArray+Stats.h */,
				5B0BFEF41C0CA0890057715A /* NSArray+Stats.m */,
				5BDE69431C1826CC001DB8D4 /* UIViewController+RTTesting.h */,
				5BDE69441C1826CC001DB8D4 /* UIViewController+RTTesting.m */,
				65B3A7CD1C44E5EA003C9426 /* NSURLCache+ForceNoCache.h */,
				65B3A7CE1C44E5EA003C9426 /* NSURLCache+ForceNoCache.m */,
			);
			path = Categories;
			sourceTree = "<group>";
		};
		65C1EE511C4794D30095537E /* ThirdParty */ = {
			isa = PBXGroup;
			children = (
				65C1EE521C4794D30095537E /* HTMLParser */,
			);
			path = ThirdParty;
			sourceTree = "<group>";
		};
		65C1EE521C4794D30095537E /* HTMLParser */ = {
			isa = PBXGroup;
			children = (
				65C1EE531C4794D30095537E /* HTMLNode.h */,
				65C1EE541C4794D30095537E /* HTMLNode.m */,
				65C1EE551C4794D30095537E /* HTMLParser.h */,
				65C1EE561C4794D30095537E /* HTMLParser.m */,
			);
			path = HTMLParser;
			sourceTree = "<group>";
		};
		A7EC06CD1C562F9200542AEE /* Storage */ = {
			isa = PBXGroup;
			children = (
				A7EC06CA1C562F8E00542AEE /* Storage.h */,
				A7EC06CB1C562F8E00542AEE /* Storage.m */,
			);
			name = Storage;
			sourceTree = "<group>";
		};
		A7EC06CE1C562FB400542AEE /* Core */ = {
			isa = PBXGroup;
			children = (
				A7EC06CD1C562F9200542AEE /* Storage */,
			);
			name = Core;
			sourceTree = "<group>";
		};
		A7EC06D21C56384F00542AEE /* PickerView */ = {
			isa = PBXGroup;
			children = (
				A7EC06CF1C56384000542AEE /* PickerView.h */,
				A7EC06D01C56384000542AEE /* PickerView.m */,
				A7EC06D51C56427300542AEE /* PickerView.xib */,
			);
			name = PickerView;
			sourceTree = "<group>";
		};
/* End PBXGroup section */

/* Begin PBXNativeTarget section */
		1D6058900D05DD3D006BFB54 /* RevTest App */ = {
			isa = PBXNativeTarget;
			buildConfigurationList = 1D6058960D05DD3E006BFB54 /* Build configuration list for PBXNativeTarget "RevTest App" */;
			buildPhases = (
				1D60588D0D05DD3D006BFB54 /* Resources */,
				1D60588E0D05DD3D006BFB54 /* Sources */,
				1D60588F0D05DD3D006BFB54 /* Frameworks */,
				5BC4E24A1C3C1D1700530846 /* ShellScript */,
				5B8767B31C4E4FFC00363906 /* ShellScript */,
				A9C7C18E765F04E6D9D51351 /* Embed Pods Frameworks */,
				1179627B1C578804003B9E66 /* Embed Frameworks */,
			);
			buildRules = (
			);
			dependencies = (
			);
			name = "RevTest App";
			productName = "RevTest App";
			productReference = 1D6058910D05DD3D006BFB54 /* RevSDK Racer.app */;
			productType = "com.apple.product-type.application";
		};
		5BB7F23A1C6A2CB90095D508 /* revsdkdemo */ = {
			isa = PBXNativeTarget;
			buildConfigurationList = 5BB7F2441C6A2CB90095D508 /* Build configuration list for PBXNativeTarget "revsdkdemo" */;
			buildPhases = (
				5BB7F2371C6A2CB90095D508 /* Sources */,
				5BB7F2381C6A2CB90095D508 /* Frameworks */,
				5BB7F2391C6A2CB90095D508 /* Resources */,
			);
			buildRules = (
			);
			dependencies = (
				5BB7F2411C6A2CB90095D508 /* PBXTargetDependency */,
			);
			name = revsdkdemo;
			productName = revsdkdemo;
			productReference = 5BB7F23B1C6A2CB90095D508 /* revsdkdemo.xctest */;
			productType = "com.apple.product-type.bundle.unit-test";
		};
/* End PBXNativeTarget section */

/* Begin PBXProject section */
		29B97313FDCFA39411CA2CEA /* Project object */ = {
			isa = PBXProject;
			attributes = {
				LastUpgradeCheck = 510;
				TargetAttributes = {
					1D6058900D05DD3D006BFB54 = {
						DevelopmentTeam = 4BK2JHQGZF;
					};
					5BB7F23A1C6A2CB90095D508 = {
						CreatedOnToolsVersion = 7.2;
						TestTargetID = 1D6058900D05DD3D006BFB54;
					};
				};
			};
			buildConfigurationList = C01FCF4E08A954540054247B /* Build configuration list for PBXProject "RevTest App" */;
			compatibilityVersion = "Xcode 3.2";
			developmentRegion = English;
			hasScannedForEncodings = 1;
			knownRegions = (
				English,
				Japanese,
				French,
				German,
				en,
				es,
				de,
				se,
			);
			mainGroup = 29B97314FDCFA39411CA2CEA /* CustomTemplate */;
			projectDirPath = "";
			projectRoot = "";
			targets = (
				1D6058900D05DD3D006BFB54 /* RevTest App */,
				5BB7F23A1C6A2CB90095D508 /* revsdkdemo */,
			);
		};
/* End PBXProject section */

/* Begin PBXResourcesBuildPhase section */
		1D60588D0D05DD3D006BFB54 /* Resources */ = {
			isa = PBXResourcesBuildPhase;
			buildActionMask = 2147483647;
			files = (
				7E7966E41810823500FA85AD /* icon-76.png in Resources */,
				5BEC8CA01C06FB2B0019BCD1 /* RTStartViewController.xib in Resources */,
				7E7966DF1810823500FA85AD /* icon-40@2x.png in Resources */,
				308D05371370CCF300D202BF /* icon-72.png in Resources */,
				30B4F30119D5E07200D9F7D8 /* Default-736h.png in Resources */,
				308D05381370CCF300D202BF /* icon.png in Resources */,
				A7EC06D61C56427300542AEE /* PickerView.xib in Resources */,
				308D05391370CCF300D202BF /* icon@2x.png in Resources */,
				302D95F214D2391D003F00A1 /* MainViewController.xib in Resources */,
				5B43F58D1C4404F900D6F33D /* Assets.xcassets in Resources */,
				7E7966E01810823500FA85AD /* icon-50.png in Resources */,
				7E7966E31810823500FA85AD /* icon-60@2x.png in Resources */,
				7E7966E61810823500FA85AD /* icon-small.png in Resources */,
				3088BBBD154F3926009F9C59 /* Default-Landscape@2x~ipad.png in Resources */,
				5B0BFEF11C0C86ED0057715A /* RTTestStatsViewController.xib in Resources */,
				3088BBBE154F3926009F9C59 /* Default-Landscape~ipad.png in Resources */,
				5B8767B51C4E55DC00363906 /* newrelic_postbuild.sh in Resources */,
				3088BBBF154F3926009F9C59 /* Default-Portrait@2x~ipad.png in Resources */,
				7E7966E71810823500FA85AD /* icon-small@2x.png in Resources */,
				3088BBC0154F3926009F9C59 /* Default-Portrait~ipad.png in Resources */,
				30B4F30019D5E07200D9F7D8 /* Default-667h.png in Resources */,
				7E7966DE1810823500FA85AD /* icon-40.png in Resources */,
				5B7804E11C15E241003AD4F5 /* RTNativeMobileViewController.xib in Resources */,
				3088BBC1154F3926009F9C59 /* Default@2x~iphone.png in Resources */,
				5B0BFEFC1C0CACC90057715A /* RTReportViewController.xib in Resources */,
				7E7966E21810823500FA85AD /* icon-60.png in Resources */,
				5BEC8CA61C0706A00019BCD1 /* RTMobileWebViewController.xib in Resources */,
				5B925DEC1C11BFF10021B077 /* logo_revAPM.png in Resources */,
				3088BBC2154F3926009F9C59 /* Default~iphone.png in Resources */,
				5B925DEA1C11BFD80021B077 /* Launch Screen.storyboard in Resources */,
				D4A0D8761607E02300AEF8BB /* Default-568h@2x~iphone.png in Resources */,
				30B4F30219D5E07200D9F7D8 /* Default-Landscape-736h.png in Resources */,
				30C1856619D5FC0A00212699 /* icon-60@3x.png in Resources */,
				7E7966E11810823500FA85AD /* icon-50@2x.png in Resources */,
				7E7966E51810823500FA85AD /* icon-76@2x.png in Resources */,
				5B43F58F1C44053200D6F33D /* Images.xcassets in Resources */,
				5B0BFEE91C0C6C2E0057715A /* RTReportCell.xib in Resources */,
				30FC414916E50CA1004E6F35 /* icon-72@2x.png in Resources */,
			);
			runOnlyForDeploymentPostprocessing = 0;
		};
		5BB7F2391C6A2CB90095D508 /* Resources */ = {
			isa = PBXResourcesBuildPhase;
			buildActionMask = 2147483647;
			files = (
			);
			runOnlyForDeploymentPostprocessing = 0;
		};
/* End PBXResourcesBuildPhase section */

/* Begin PBXShellScriptBuildPhase section */
		5B8767B31C4E4FFC00363906 /* ShellScript */ = {
			isa = PBXShellScriptBuildPhase;
			buildActionMask = 12;
			files = (
			);
			inputPaths = (
			);
			outputPaths = (
			);
			runOnlyForDeploymentPostprocessing = 0;
			shellPath = /bin/sh;
			shellScript = "SCRIPT=`/usr/bin/find \"${SRCROOT}\" -name newrelic_postbuild.sh | head -n 1`\n\n/bin/sh \"${SCRIPT}\" \"AA289b5c865e93a480d7cffca562cf1a44ed67e5bb\"";
		};
		5BC4E24A1C3C1D1700530846 /* ShellScript */ = {
			isa = PBXShellScriptBuildPhase;
			buildActionMask = 2147483647;
			files = (
			);
			inputPaths = (
			);
			outputPaths = (
			);
			runOnlyForDeploymentPostprocessing = 0;
			shellPath = /bin/sh;
			shellScript = "./Fabric.framework/run 57f92a4f85e4b755011bf87ff9ebc137380f5d2d 974e8f9a8ce392a112da439c5b9bc40d406b6963471f3983176830086f895a66";
		};
		A9C7C18E765F04E6D9D51351 /* Embed Pods Frameworks */ = {
			isa = PBXShellScriptBuildPhase;
			buildActionMask = 2147483647;
			files = (
			);
			inputPaths = (
			);
			name = "Embed Pods Frameworks";
			outputPaths = (
			);
			runOnlyForDeploymentPostprocessing = 0;
			shellPath = /bin/sh;
			shellScript = "\"${SRCROOT}/../Pods/Target Support Files/Pods-RevTest App/Pods-RevTest App-frameworks.sh\"\n";
			showEnvVarsInLog = 0;
		};
/* End PBXShellScriptBuildPhase section */

/* Begin PBXSourcesBuildPhase section */
		1D60588E0D05DD3D006BFB54 /* Sources */ = {
			isa = PBXSourcesBuildPhase;
			buildActionMask = 2147483647;
			files = (
				6D7CB0601C3D54E800416020 /* RTTestResult.m in Sources */,
				65C1EE581C4794D30095537E /* HTMLParser.m in Sources */,
				5B0BFEE71C0C6C1B0057715A /* RTReportCell.m in Sources */,
				6D7CB05D1C3D516500416020 /* RTIterationResult.m in Sources */,
				5B10397A1C11763C003CA9A1 /* RTTestModel.mm in Sources */,
				5B0BFEEC1C0C82C30057715A /* RTContainerViewController.m in Sources */,
				5BEC8CAA1C0707F80019BCD1 /* UIViewController+RTUtils.m in Sources */,
				A7EC06CC1C562F8E00542AEE /* Storage.m in Sources */,
				A7EC06D11C56384000542AEE /* PickerView.m in Sources */,
				65C1EE571C4794D30095537E /* HTMLNode.m in Sources */,
				5BF51E5F1C6B996B00A4632C /* RTConfigurationLoadObserver.m in Sources */,
				6D73CE081C27F1BA0095EA9C /* NSString+MD5.m in Sources */,
				5B25817F1C17155F00C55959 /* RTUtils.m in Sources */,
				65C1EE5D1C4796520095537E /* RTHTMLGrabber.m in Sources */,
				1D60589B0D05DD56006BFB54 /* main.m in Sources */,
				6D8BD9AA1C3FCD23008353DB /* RTTestCase.m in Sources */,
				5B58B3501C626D31002B14EC /* RTRequestTestLoop.m in Sources */,
				65B3A7CF1C44E5EA003C9426 /* NSURLCache+ForceNoCache.m in Sources */,
				5B0BFEF51C0CA0890057715A /* NSArray+Stats.m in Sources */,
				5BEC8C9E1C06FB000019BCD1 /* RTStartViewController.m in Sources */,
				5BDF00EA1C6CA31400A15E40 /* RTStatsUploadTester.m in Sources */,
				5B0BFEDA1C0C53DE0057715A /* RTReportViewController.m in Sources */,
				5BEC8CAD1C07259B0019BCD1 /* NSURL+RTUtils.m in Sources */,
				1D3623260D0F684500981E51 /* AppDelegate.m in Sources */,
				5B7804E01C15E241003AD4F5 /* RTNativeMobileViewController.m in Sources */,
				5BE0D5B81C3D6F3B0064F97D /* RTCell.m in Sources */,
				5B0BFEF01C0C86ED0057715A /* RTTestStatsViewController.m in Sources */,
				5BDE69451C1826CC001DB8D4 /* UIViewController+RTTesting.m in Sources */,
				5BBAA0041C6CE0C700AC492B /* RTProtocolSwitchTester.m in Sources */,
				5BEC8CA51C0706A00019BCD1 /* RTMobileWebViewController.m in Sources */,
			);
			runOnlyForDeploymentPostprocessing = 0;
		};
		5BB7F2371C6A2CB90095D508 /* Sources */ = {
			isa = PBXSourcesBuildPhase;
			buildActionMask = 2147483647;
			files = (
				5BB7F2461C6A2D1D0095D508 /* revsdkdemo.m in Sources */,
			);
			runOnlyForDeploymentPostprocessing = 0;
		};
/* End PBXSourcesBuildPhase section */

/* Begin PBXTargetDependency section */
		5BB7F2411C6A2CB90095D508 /* PBXTargetDependency */ = {
			isa = PBXTargetDependency;
			target = 1D6058900D05DD3D006BFB54 /* RevTest App */;
			targetProxy = 5BB7F2401C6A2CB90095D508 /* PBXContainerItemProxy */;
		};
/* End PBXTargetDependency section */

/* Begin XCBuildConfiguration section */
		1D6058940D05DD3E006BFB54 /* Debug */ = {
			isa = XCBuildConfiguration;
			baseConfigurationReference = 9E7497F3B8E7A0C0D288F2E0 /* Pods-RevTest App.debug.xcconfig */;
			buildSettings = {
				ALWAYS_SEARCH_USER_PATHS = NO;
				ASSETCATALOG_COMPILER_APPICON_NAME = AppIcon;
				ASSETCATALOG_COMPILER_LAUNCHIMAGE_NAME = "Brand Assets";
				CLANG_ENABLE_OBJC_ARC = YES;
				CODE_SIGN_IDENTITY = "iPhone Developer: Alexander Mamchich (C5K93767WW)";
				COPY_PHASE_STRIP = NO;
				ENABLE_BITCODE = NO;
				FRAMEWORK_SEARCH_PATHS = (
					"$(inherited)",
					"$(PROJECT_DIR)",
					"$(PROJECT_DIR)/RevTest",
					App,
				);
				GCC_DYNAMIC_NO_PIC = NO;
				GCC_OPTIMIZATION_LEVEL = 0;
				GCC_PRECOMPILE_PREFIX_HEADER = YES;
				GCC_PREFIX_HEADER = "RevTest App/RevTest App-Prefix.pch";
				GCC_SYMBOLS_PRIVATE_EXTERN = NO;
				GCC_THUMB_SUPPORT = NO;
				GCC_VERSION = "";
				HEADER_SEARCH_PATHS = (
					"$(inherited)",
					"\"${PODS_ROOT}/Headers/Public\"",
					"\"${PODS_ROOT}/Headers/Public/MBProgressHUD\"",
					"../revsdk-ios/RevSDK/",
					/usr/include/libxml2,
					"$(SRCROOT)/../RevSDK/",
				);
				INFOPLIST_FILE = "RevTest App/RevTest App-Info.plist";
				IPHONEOS_DEPLOYMENT_TARGET = 8.0;
				LD_RUNPATH_SEARCH_PATHS = "$(inherited) @executable_path/Frameworks";
				LIBRARY_SEARCH_PATHS = "~/revsdk-ios/RevSDK/RevSDK/";
				ONLY_ACTIVE_ARCH = YES;
				OTHER_LDFLAGS = (
					"-weak_framework",
					CoreFoundation,
					"-weak_framework",
					UIKit,
					"-weak_framework",
					AVFoundation,
					"-weak_framework",
					CoreMedia,
					"-weak-lSystem",
					"-ObjC",
					"$(inherited)",
				);
				PRODUCT_BUNDLE_IDENTIFIER = com.tundramobile.revsdkdemo;
				PRODUCT_NAME = "RevSDK Racer";
				PROVISIONING_PROFILE = "a72c76fc-5c0f-4e87-9954-e40b905984f1";
				TARGETED_DEVICE_FAMILY = 1;
			};
			name = Debug;
		};
		1D6058950D05DD3E006BFB54 /* Release */ = {
			isa = XCBuildConfiguration;
			baseConfigurationReference = 5573552DBF3CB60D8D7F80D3 /* Pods-RevTest App.release.xcconfig */;
			buildSettings = {
				ALWAYS_SEARCH_USER_PATHS = NO;
				ASSETCATALOG_COMPILER_APPICON_NAME = AppIcon;
				ASSETCATALOG_COMPILER_LAUNCHIMAGE_NAME = "Brand Assets";
				CLANG_ENABLE_OBJC_ARC = YES;
				CODE_SIGN_IDENTITY = "iPhone Distribution: Alexander Mamchich (4BK2JHQGZF)";
				COPY_PHASE_STRIP = YES;
				ENABLE_BITCODE = NO;
				FRAMEWORK_SEARCH_PATHS = (
					"$(inherited)",
					"$(PROJECT_DIR)",
					"$(PROJECT_DIR)/RevTest",
					App,
				);
				GCC_PRECOMPILE_PREFIX_HEADER = YES;
				GCC_PREFIX_HEADER = "RevTest App/RevTest App-Prefix.pch";
				GCC_SYMBOLS_PRIVATE_EXTERN = NO;
				GCC_THUMB_SUPPORT = NO;
				GCC_VERSION = "";
				HEADER_SEARCH_PATHS = (
					"$(inherited)",
					"\"${PODS_ROOT}/Headers/Public\"",
					"\"${PODS_ROOT}/Headers/Public/MBProgressHUD\"",
					"~/revsdk-ios/RevSDK/RevSDK/",
					/usr/include/libxml2,
					"$(SRCROOT)/../RevSDK/",
				);
				INFOPLIST_FILE = "RevTest App/RevTest App-Info.plist";
				IPHONEOS_DEPLOYMENT_TARGET = 8.0;
				LD_RUNPATH_SEARCH_PATHS = "$(inherited) @executable_path/Frameworks";
				LIBRARY_SEARCH_PATHS = "~/revsdk-ios/RevSDK/RevSDK/";
				ONLY_ACTIVE_ARCH = NO;
				OTHER_LDFLAGS = (
					"-weak_framework",
					CoreFoundation,
					"-weak_framework",
					UIKit,
					"-weak_framework",
					AVFoundation,
					"-weak_framework",
					CoreMedia,
					"-weak-lSystem",
					"-ObjC",
					"$(inherited)",
				);
				PRODUCT_BUNDLE_IDENTIFIER = com.tundramobile.revsdkdemo;
				PRODUCT_NAME = "RevSDK Racer";
				PROVISIONING_PROFILE = "8c70591b-c320-42f1-958a-a40b81b3c859";
				TARGETED_DEVICE_FAMILY = 1;
			};
			name = Release;
		};
		5BB7F2421C6A2CB90095D508 /* Debug */ = {
			isa = XCBuildConfiguration;
			buildSettings = {
				ALWAYS_SEARCH_USER_PATHS = NO;
				BUNDLE_LOADER = "$(BUILT_PRODUCTS_DIR)/RevSDK Racer.app/RevSDK Racer";
				CLANG_CXX_LANGUAGE_STANDARD = "gnu++0x";
				CLANG_CXX_LIBRARY = "libc++";
				CLANG_ENABLE_MODULES = YES;
				CLANG_WARN_DIRECT_OBJC_ISA_USAGE = YES_ERROR;
				CLANG_WARN_OBJC_ROOT_CLASS = YES_ERROR;
				CLANG_WARN_UNREACHABLE_CODE = YES;
				COPY_PHASE_STRIP = NO;
				DEBUG_INFORMATION_FORMAT = dwarf;
				ENABLE_STRICT_OBJC_MSGSEND = YES;
				ENABLE_TESTABILITY = YES;
				GCC_C_LANGUAGE_STANDARD = gnu99;
				GCC_DYNAMIC_NO_PIC = NO;
				GCC_NO_COMMON_BLOCKS = YES;
				GCC_OPTIMIZATION_LEVEL = 0;
				GCC_PREPROCESSOR_DEFINITIONS = (
					"DEBUG=1",
					"$(inherited)",
					"TEST=1",
				);
				GCC_WARN_64_TO_32_BIT_CONVERSION = YES;
				GCC_WARN_ABOUT_RETURN_TYPE = YES_ERROR;
				GCC_WARN_UNINITIALIZED_AUTOS = YES_AGGRESSIVE;
				HEADER_SEARCH_PATHS = (
					"\"$(TARGET_BUILD_DIR)/usr/local/lib/include\"",
					"\"$(OBJROOT)/UninstalledProducts/include\"",
					"\"$(BUILT_PRODUCTS_DIR)\"",
					/usr/include/libxml2,
				);
				INFOPLIST_FILE = revsdkdemo/Info.plist;
				IPHONEOS_DEPLOYMENT_TARGET = 9.2;
				LD_RUNPATH_SEARCH_PATHS = "$(inherited) @executable_path/Frameworks @loader_path/Frameworks";
				MTL_ENABLE_DEBUG_INFO = YES;
				PRODUCT_BUNDLE_IDENTIFIER = com.tundramobile.revsdkdemo;
				PRODUCT_NAME = "$(TARGET_NAME)";
				TEST_HOST = "$(BUNDLE_LOADER)";
			};
			name = Debug;
		};
		5BB7F2431C6A2CB90095D508 /* Release */ = {
			isa = XCBuildConfiguration;
			buildSettings = {
				ALWAYS_SEARCH_USER_PATHS = NO;
				BUNDLE_LOADER = "$(BUILT_PRODUCTS_DIR)/RevSDK Racer.app/RevSDK Racer";
				CLANG_CXX_LANGUAGE_STANDARD = "gnu++0x";
				CLANG_CXX_LIBRARY = "libc++";
				CLANG_ENABLE_MODULES = YES;
				CLANG_WARN_DIRECT_OBJC_ISA_USAGE = YES_ERROR;
				CLANG_WARN_OBJC_ROOT_CLASS = YES_ERROR;
				CLANG_WARN_UNREACHABLE_CODE = YES;
				COPY_PHASE_STRIP = NO;
				DEBUG_INFORMATION_FORMAT = "dwarf-with-dsym";
				ENABLE_NS_ASSERTIONS = NO;
				ENABLE_STRICT_OBJC_MSGSEND = YES;
				GCC_C_LANGUAGE_STANDARD = gnu99;
				GCC_NO_COMMON_BLOCKS = YES;
				GCC_WARN_64_TO_32_BIT_CONVERSION = YES;
				GCC_WARN_ABOUT_RETURN_TYPE = YES_ERROR;
				GCC_WARN_UNINITIALIZED_AUTOS = YES_AGGRESSIVE;
				HEADER_SEARCH_PATHS = (
					"\"$(TARGET_BUILD_DIR)/usr/local/lib/include\"",
					"\"$(OBJROOT)/UninstalledProducts/include\"",
					"\"$(BUILT_PRODUCTS_DIR)\"",
					"\"$(OBJROOT)/UninstalledProducts/$(PLATFORM_NAME)/include\"",
					/usr/include/libxml2,
				);
				INFOPLIST_FILE = revsdkdemo/Info.plist;
				IPHONEOS_DEPLOYMENT_TARGET = 9.2;
				LD_RUNPATH_SEARCH_PATHS = "$(inherited) @executable_path/Frameworks @loader_path/Frameworks";
				MTL_ENABLE_DEBUG_INFO = NO;
				PRODUCT_BUNDLE_IDENTIFIER = com.tundramobile.revsdkdemo;
				PRODUCT_NAME = "$(TARGET_NAME)";
				TEST_HOST = "$(BUNDLE_LOADER)";
				VALIDATE_PRODUCT = YES;
			};
			name = Release;
		};
		C01FCF4F08A954540054247B /* Debug */ = {
			isa = XCBuildConfiguration;
			buildSettings = {
				CLANG_ENABLE_OBJC_ARC = YES;
				CLANG_WARN_BOOL_CONVERSION = YES;
				CLANG_WARN_CONSTANT_CONVERSION = YES;
				CLANG_WARN_EMPTY_BODY = YES;
				CLANG_WARN_ENUM_CONVERSION = YES;
				CLANG_WARN_INT_CONVERSION = YES;
				CLANG_WARN__DUPLICATE_METHOD_MATCH = YES;
				"CODE_SIGN_IDENTITY[sdk=iphoneos*]" = "iPhone Developer";
				ENABLE_BITCODE = NO;
				GCC_C_LANGUAGE_STANDARD = c99;
				GCC_THUMB_SUPPORT = NO;
				GCC_VERSION = "";
				GCC_WARN_ABOUT_RETURN_TYPE = YES;
				GCC_WARN_UNDECLARED_SELECTOR = YES;
				GCC_WARN_UNINITIALIZED_AUTOS = YES;
				GCC_WARN_UNUSED_FUNCTION = YES;
				GCC_WARN_UNUSED_VARIABLE = YES;
				HEADER_SEARCH_PATHS = (
					"\"$(TARGET_BUILD_DIR)/usr/local/lib/include\"",
					"\"$(OBJROOT)/UninstalledProducts/include\"",
					"\"$(BUILT_PRODUCTS_DIR)\"",
				);
				IPHONEOS_DEPLOYMENT_TARGET = 6.0;
				ONLY_ACTIVE_ARCH = YES;
				OTHER_LDFLAGS = (
					"-weak_framework",
					CoreFoundation,
					"-weak_framework",
					UIKit,
					"-weak_framework",
					AVFoundation,
					"-weak_framework",
					CoreMedia,
					"-weak-lSystem",
					"-ObjC",
				);
				PROVISIONING_PROFILE = "a72c76fc-5c0f-4e87-9954-e40b905984f1";
				SDKROOT = iphoneos;
				SKIP_INSTALL = NO;
				USER_HEADER_SEARCH_PATHS = "";
			};
			name = Debug;
		};
		C01FCF5008A954540054247B /* Release */ = {
			isa = XCBuildConfiguration;
			buildSettings = {
				CLANG_ENABLE_OBJC_ARC = YES;
				CLANG_WARN_BOOL_CONVERSION = YES;
				CLANG_WARN_CONSTANT_CONVERSION = YES;
				CLANG_WARN_EMPTY_BODY = YES;
				CLANG_WARN_ENUM_CONVERSION = YES;
				CLANG_WARN_INT_CONVERSION = YES;
				CLANG_WARN__DUPLICATE_METHOD_MATCH = YES;
				"CODE_SIGN_IDENTITY[sdk=iphoneos*]" = "iPhone Developer";
				ENABLE_BITCODE = NO;
				GCC_C_LANGUAGE_STANDARD = c99;
				GCC_THUMB_SUPPORT = NO;
				GCC_VERSION = "";
				GCC_WARN_ABOUT_RETURN_TYPE = YES;
				GCC_WARN_UNDECLARED_SELECTOR = YES;
				GCC_WARN_UNINITIALIZED_AUTOS = YES;
				GCC_WARN_UNUSED_FUNCTION = YES;
				GCC_WARN_UNUSED_VARIABLE = YES;
				HEADER_SEARCH_PATHS = (
					"\"$(TARGET_BUILD_DIR)/usr/local/lib/include\"",
					"\"$(OBJROOT)/UninstalledProducts/include\"",
					"\"$(BUILT_PRODUCTS_DIR)\"",
					"\"$(OBJROOT)/UninstalledProducts/$(PLATFORM_NAME)/include\"",
				);
				IPHONEOS_DEPLOYMENT_TARGET = 6.0;
				ONLY_ACTIVE_ARCH = YES;
				OTHER_LDFLAGS = (
					"-weak_framework",
					CoreFoundation,
					"-weak_framework",
					UIKit,
					"-weak_framework",
					AVFoundation,
					"-weak_framework",
					CoreMedia,
					"-weak-lSystem",
					"-ObjC",
				);
				PROVISIONING_PROFILE = "8c70591b-c320-42f1-958a-a40b81b3c859";
				SDKROOT = iphoneos;
				SKIP_INSTALL = NO;
				USER_HEADER_SEARCH_PATHS = "";
			};
			name = Release;
		};
/* End XCBuildConfiguration section */

/* Begin XCConfigurationList section */
		1D6058960D05DD3E006BFB54 /* Build configuration list for PBXNativeTarget "RevTest App" */ = {
			isa = XCConfigurationList;
			buildConfigurations = (
				1D6058940D05DD3E006BFB54 /* Debug */,
				1D6058950D05DD3E006BFB54 /* Release */,
			);
			defaultConfigurationIsVisible = 0;
			defaultConfigurationName = Release;
		};
		5BB7F2441C6A2CB90095D508 /* Build configuration list for PBXNativeTarget "revsdkdemo" */ = {
			isa = XCConfigurationList;
			buildConfigurations = (
				5BB7F2421C6A2CB90095D508 /* Debug */,
				5BB7F2431C6A2CB90095D508 /* Release */,
			);
			defaultConfigurationIsVisible = 0;
			defaultConfigurationName = Release;
		};
		C01FCF4E08A954540054247B /* Build configuration list for PBXProject "RevTest App" */ = {
			isa = XCConfigurationList;
			buildConfigurations = (
				C01FCF4F08A954540054247B /* Debug */,
				C01FCF5008A954540054247B /* Release */,
			);
			defaultConfigurationIsVisible = 0;
			defaultConfigurationName = Release;
		};
/* End XCConfigurationList section */
	};
	rootObject = 29B97313FDCFA39411CA2CEA /* Project object */;
}
