// !$*UTF8*$!
{
	archiveVersion = 1;
	classes = {
	};
	objectVersion = 46;
	objects = {

/* Begin PBXBuildFile section */
		45EDDE3E9DF84726DC9F118E /* libPods-RevSDK.a in Frameworks */ = {isa = PBXBuildFile; fileRef = DB7E106636834980B48DE5C8 /* libPods-RevSDK.a */; };
		5B2F4BCF1BFDBAF8003DCB27 /* Response.cpp in Sources */ = {isa = PBXBuildFile; fileRef = 5B2F4BCD1BFDBAF8003DCB27 /* Response.cpp */; };
		5B2F4BD01BFDBAF8003DCB27 /* Response.hpp in Headers */ = {isa = PBXBuildFile; fileRef = 5B2F4BCE1BFDBAF8003DCB27 /* Response.hpp */; };
		5B2F4BD31BFDD20B003DCB27 /* Data.cpp in Sources */ = {isa = PBXBuildFile; fileRef = 5B2F4BD11BFDD20B003DCB27 /* Data.cpp */; };
		5B2F4BD41BFDD20B003DCB27 /* Data.hpp in Headers */ = {isa = PBXBuildFile; fileRef = 5B2F4BD21BFDD20B003DCB27 /* Data.hpp */; };
		5B2F4BD71BFE11F6003DCB27 /* Error.cpp in Sources */ = {isa = PBXBuildFile; fileRef = 5B2F4BD51BFE11F6003DCB27 /* Error.cpp */; };
		5B2F4BD81BFE11F6003DCB27 /* Error.hpp in Headers */ = {isa = PBXBuildFile; fileRef = 5B2F4BD61BFE11F6003DCB27 /* Error.hpp */; };
		5B3096BA1BFA02770045024C /* RevSDK.h in Headers */ = {isa = PBXBuildFile; fileRef = 5B3096B91BFA02770045024C /* RevSDK.h */; settings = {ATTRIBUTES = (Public, ); }; };
		5B3096C11BFA02770045024C /* RevSDK.framework in Frameworks */ = {isa = PBXBuildFile; fileRef = 5B3096B61BFA02770045024C /* RevSDK.framework */; };
		5B3096C61BFA02770045024C /* RevSDKTests.m in Sources */ = {isa = PBXBuildFile; fileRef = 5B3096C51BFA02770045024C /* RevSDKTests.m */; };
		5B3096EA1BFA0CB70045024C /* RSURLProtocol.h in Headers */ = {isa = PBXBuildFile; fileRef = 5B3096E81BFA0CB70045024C /* RSURLProtocol.h */; };
		5B3096EB1BFA0CB70045024C /* RSURLProtocol.mm in Sources */ = {isa = PBXBuildFile; fileRef = 5B3096E91BFA0CB70045024C /* RSURLProtocol.mm */; };
		5B3096EE1BFA0CD30045024C /* RSURLConnection.h in Headers */ = {isa = PBXBuildFile; fileRef = 5B3096EC1BFA0CD30045024C /* RSURLConnection.h */; };
		5B3096EF1BFA0CD30045024C /* RSURLConnection.mm in Sources */ = {isa = PBXBuildFile; fileRef = 5B3096ED1BFA0CD30045024C /* RSURLConnection.mm */; };
		5B3096F11BFA11E50045024C /* RevSDK.mm in Sources */ = {isa = PBXBuildFile; fileRef = 5B3096F01BFA11E50045024C /* RevSDK.mm */; };
		5B4FCD2D1C03216000C8D320 /* RSRequestOperation.h in Headers */ = {isa = PBXBuildFile; fileRef = 5B4FCD2B1C03216000C8D320 /* RSRequestOperation.h */; };
		5B4FCD2E1C03216000C8D320 /* RSRequestOperation.mm in Sources */ = {isa = PBXBuildFile; fileRef = 5B4FCD2C1C03216000C8D320 /* RSRequestOperation.mm */; };
		5B4FCD311C0321B400C8D320 /* RSNativeNetwork.h in Headers */ = {isa = PBXBuildFile; fileRef = 5B4FCD2F1C0321B400C8D320 /* RSNativeNetwork.h */; };
		5B4FCD321C0321B400C8D320 /* RSNativeNetwork.m in Sources */ = {isa = PBXBuildFile; fileRef = 5B4FCD301C0321B400C8D320 /* RSNativeNetwork.m */; };
		5B4FCD351C032A6A00C8D320 /* Network.mm in Sources */ = {isa = PBXBuildFile; fileRef = 5B4FCD331C032A6A00C8D320 /* Network.mm */; };
		5B4FCD361C032A6A00C8D320 /* Network.hpp in Headers */ = {isa = PBXBuildFile; fileRef = 5B4FCD341C032A6A00C8D320 /* Network.hpp */; };
		5B4FCD391C033EA400C8D320 /* RSUtilsBridge.mm in Sources */ = {isa = PBXBuildFile; fileRef = 5B4FCD371C033EA400C8D320 /* RSUtilsBridge.mm */; };
		5B4FCD3A1C033EA400C8D320 /* RSUtilsBridge.hpp in Headers */ = {isa = PBXBuildFile; fileRef = 5B4FCD381C033EA400C8D320 /* RSUtilsBridge.hpp */; };
		5B54C3211BFB598700217971 /* Request.cpp in Sources */ = {isa = PBXBuildFile; fileRef = 5B54C31F1BFB598700217971 /* Request.cpp */; };
		5B54C3221BFB598700217971 /* Request.hpp in Headers */ = {isa = PBXBuildFile; fileRef = 5B54C3201BFB598700217971 /* Request.hpp */; };
		5B54C32A1BFB5EF000217971 /* RSUtils.h in Headers */ = {isa = PBXBuildFile; fileRef = 5B54C3281BFB5EF000217971 /* RSUtils.h */; };
		5B54C32B1BFB5EF000217971 /* RSUtils.mm in Sources */ = {isa = PBXBuildFile; fileRef = 5B54C3291BFB5EF000217971 /* RSUtils.mm */; };
		5B54C32F1BFB700C00217971 /* Model.mm in Sources */ = {isa = PBXBuildFile; fileRef = 5B54C32D1BFB700C00217971 /* Model.mm */; };
		5B54C3301BFB700C00217971 /* Model.hpp in Headers */ = {isa = PBXBuildFile; fileRef = 5B54C32E1BFB700C00217971 /* Model.hpp */; };
		5B54C3341BFB705B00217971 /* Protocol.cpp in Sources */ = {isa = PBXBuildFile; fileRef = 5B54C3321BFB705B00217971 /* Protocol.cpp */; };
		5B54C3351BFB705B00217971 /* Protocol.hpp in Headers */ = {isa = PBXBuildFile; fileRef = 5B54C3331BFB705B00217971 /* Protocol.hpp */; };
		5B54C3381BFB70C100217971 /* StandardProtocol.mm in Sources */ = {isa = PBXBuildFile; fileRef = 5B54C3361BFB70C100217971 /* StandardProtocol.mm */; };
		5B54C3391BFB70C100217971 /* StandardProtocol.hpp in Headers */ = {isa = PBXBuildFile; fileRef = 5B54C3371BFB70C100217971 /* StandardProtocol.hpp */; };
		5B54C33C1BFB714C00217971 /* QUICProtocol.cpp in Sources */ = {isa = PBXBuildFile; fileRef = 5B54C33A1BFB714C00217971 /* QUICProtocol.cpp */; };
		5B54C33D1BFB714C00217971 /* QUICProtocol.hpp in Headers */ = {isa = PBXBuildFile; fileRef = 5B54C33B1BFB714C00217971 /* QUICProtocol.hpp */; };
		5B54C3401BFB7A9200217971 /* Connection.cpp in Sources */ = {isa = PBXBuildFile; fileRef = 5B54C33E1BFB7A9200217971 /* Connection.cpp */; };
		5B54C3411BFB7A9200217971 /* Connection.hpp in Headers */ = {isa = PBXBuildFile; fileRef = 5B54C33F1BFB7A9200217971 /* Connection.hpp */; };
		5B54C3441BFB7AE200217971 /* StandardConnection.mm in Sources */ = {isa = PBXBuildFile; fileRef = 5B54C3421BFB7AE200217971 /* StandardConnection.mm */; };
		5B54C3451BFB7AE200217971 /* StandardConnection.hpp in Headers */ = {isa = PBXBuildFile; fileRef = 5B54C3431BFB7AE200217971 /* StandardConnection.hpp */; };
		5B54C3481BFB7B8700217971 /* QUICConnection.cpp in Sources */ = {isa = PBXBuildFile; fileRef = 5B54C3461BFB7B8700217971 /* QUICConnection.cpp */; };
		5B54C3491BFB7B8700217971 /* QUICConnection.hpp in Headers */ = {isa = PBXBuildFile; fileRef = 5B54C3471BFB7B8700217971 /* QUICConnection.hpp */; };
		5BC497B31C03609300FF0922 /* ConfigurationProcessor.cpp in Sources */ = {isa = PBXBuildFile; fileRef = 5BC497B11C03609300FF0922 /* ConfigurationProcessor.cpp */; };
		5BC497B41C03609300FF0922 /* ConfigurationProcessor.hpp in Headers */ = {isa = PBXBuildFile; fileRef = 5BC497B21C03609300FF0922 /* ConfigurationProcessor.hpp */; };
		5BC497B71C03782B00FF0922 /* Configuration.cpp in Sources */ = {isa = PBXBuildFile; fileRef = 5BC497B51C03782B00FF0922 /* Configuration.cpp */; };
		5BC497B81C03782B00FF0922 /* Configuration.hpp in Headers */ = {isa = PBXBuildFile; fileRef = 5BC497B61C03782B00FF0922 /* Configuration.hpp */; };
		5BDA28271BFA31C9003F55F6 /* ConnectionProxy.mm in Sources */ = {isa = PBXBuildFile; fileRef = 5BDA28251BFA31C9003F55F6 /* ConnectionProxy.mm */; };
		5BDA28281BFA31C9003F55F6 /* ConnectionProxy.h in Headers */ = {isa = PBXBuildFile; fileRef = 5BDA28261BFA31C9003F55F6 /* ConnectionProxy.h */; };
		5BE3F8641C0454890087BC28 /* DataStorage.mm in Sources */ = {isa = PBXBuildFile; fileRef = 5BE3F8621C0454890087BC28 /* DataStorage.mm */; };
		5BE3F8651C0454890087BC28 /* DataStorage.hpp in Headers */ = {isa = PBXBuildFile; fileRef = 5BE3F8631C0454890087BC28 /* DataStorage.hpp */; };
		5BE3F8681C0455CC0087BC28 /* RSNativeDataStorage.h in Headers */ = {isa = PBXBuildFile; fileRef = 5BE3F8661C0455CC0087BC28 /* RSNativeDataStorage.h */; };
		5BE3F8691C0455CC0087BC28 /* RSNativeDataStorage.mm in Sources */ = {isa = PBXBuildFile; fileRef = 5BE3F8671C0455CC0087BC28 /* RSNativeDataStorage.mm */; };
/* End PBXBuildFile section */

/* Begin PBXContainerItemProxy section */
		5B3096C21BFA02770045024C /* PBXContainerItemProxy */ = {
			isa = PBXContainerItemProxy;
			containerPortal = 5B3096AD1BFA02760045024C /* Project object */;
			proxyType = 1;
			remoteGlobalIDString = 5B3096B51BFA02770045024C;
			remoteInfo = RevSDK;
		};
/* End PBXContainerItemProxy section */

/* Begin PBXFileReference section */
		31946DA78F6006B589FDD586 /* Pods-RevSDK.release.xcconfig */ = {isa = PBXFileReference; includeInIndex = 1; lastKnownFileType = text.xcconfig; name = "Pods-RevSDK.release.xcconfig"; path = "Pods/Target Support Files/Pods-RevSDK/Pods-RevSDK.release.xcconfig"; sourceTree = "<group>"; };
		5B2F4BCD1BFDBAF8003DCB27 /* Response.cpp */ = {isa = PBXFileReference; fileEncoding = 4; lastKnownFileType = sourcecode.cpp.cpp; path = Response.cpp; sourceTree = "<group>"; };
		5B2F4BCE1BFDBAF8003DCB27 /* Response.hpp */ = {isa = PBXFileReference; fileEncoding = 4; lastKnownFileType = sourcecode.cpp.h; path = Response.hpp; sourceTree = "<group>"; };
		5B2F4BD11BFDD20B003DCB27 /* Data.cpp */ = {isa = PBXFileReference; fileEncoding = 4; lastKnownFileType = sourcecode.cpp.cpp; path = Data.cpp; sourceTree = "<group>"; };
		5B2F4BD21BFDD20B003DCB27 /* Data.hpp */ = {isa = PBXFileReference; fileEncoding = 4; lastKnownFileType = sourcecode.cpp.h; path = Data.hpp; sourceTree = "<group>"; };
		5B2F4BD51BFE11F6003DCB27 /* Error.cpp */ = {isa = PBXFileReference; fileEncoding = 4; lastKnownFileType = sourcecode.cpp.cpp; path = Error.cpp; sourceTree = "<group>"; };
		5B2F4BD61BFE11F6003DCB27 /* Error.hpp */ = {isa = PBXFileReference; fileEncoding = 4; lastKnownFileType = sourcecode.cpp.h; path = Error.hpp; sourceTree = "<group>"; };
		5B3096B61BFA02770045024C /* RevSDK.framework */ = {isa = PBXFileReference; explicitFileType = wrapper.framework; includeInIndex = 0; path = RevSDK.framework; sourceTree = BUILT_PRODUCTS_DIR; };
		5B3096B91BFA02770045024C /* RevSDK.h */ = {isa = PBXFileReference; lastKnownFileType = sourcecode.c.h; path = RevSDK.h; sourceTree = "<group>"; };
		5B3096BB1BFA02770045024C /* Info.plist */ = {isa = PBXFileReference; lastKnownFileType = text.plist.xml; path = Info.plist; sourceTree = "<group>"; };
		5B3096C01BFA02770045024C /* RevSDKTests.xctest */ = {isa = PBXFileReference; explicitFileType = wrapper.cfbundle; includeInIndex = 0; path = RevSDKTests.xctest; sourceTree = BUILT_PRODUCTS_DIR; };
		5B3096C51BFA02770045024C /* RevSDKTests.m */ = {isa = PBXFileReference; lastKnownFileType = sourcecode.c.objc; path = RevSDKTests.m; sourceTree = "<group>"; };
		5B3096C71BFA02770045024C /* Info.plist */ = {isa = PBXFileReference; lastKnownFileType = text.plist.xml; path = Info.plist; sourceTree = "<group>"; };
		5B3096E81BFA0CB70045024C /* RSURLProtocol.h */ = {isa = PBXFileReference; fileEncoding = 4; lastKnownFileType = sourcecode.c.h; path = RSURLProtocol.h; sourceTree = "<group>"; };
		5B3096E91BFA0CB70045024C /* RSURLProtocol.mm */ = {isa = PBXFileReference; fileEncoding = 4; lastKnownFileType = sourcecode.cpp.objcpp; path = RSURLProtocol.mm; sourceTree = "<group>"; };
		5B3096EC1BFA0CD30045024C /* RSURLConnection.h */ = {isa = PBXFileReference; fileEncoding = 4; lastKnownFileType = sourcecode.c.h; path = RSURLConnection.h; sourceTree = "<group>"; };
		5B3096ED1BFA0CD30045024C /* RSURLConnection.mm */ = {isa = PBXFileReference; fileEncoding = 4; lastKnownFileType = sourcecode.cpp.objcpp; path = RSURLConnection.mm; sourceTree = "<group>"; };
		5B3096F01BFA11E50045024C /* RevSDK.mm */ = {isa = PBXFileReference; fileEncoding = 4; lastKnownFileType = sourcecode.cpp.objcpp; path = RevSDK.mm; sourceTree = "<group>"; };
		5B4FCD2B1C03216000C8D320 /* RSRequestOperation.h */ = {isa = PBXFileReference; fileEncoding = 4; lastKnownFileType = sourcecode.c.h; path = RSRequestOperation.h; sourceTree = "<group>"; };
		5B4FCD2C1C03216000C8D320 /* RSRequestOperation.mm */ = {isa = PBXFileReference; fileEncoding = 4; lastKnownFileType = sourcecode.cpp.objcpp; path = RSRequestOperation.mm; sourceTree = "<group>"; };
		5B4FCD2F1C0321B400C8D320 /* RSNativeNetwork.h */ = {isa = PBXFileReference; fileEncoding = 4; lastKnownFileType = sourcecode.c.h; path = RSNativeNetwork.h; sourceTree = "<group>"; };
		5B4FCD301C0321B400C8D320 /* RSNativeNetwork.m */ = {isa = PBXFileReference; fileEncoding = 4; lastKnownFileType = sourcecode.c.objc; path = RSNativeNetwork.m; sourceTree = "<group>"; };
		5B4FCD331C032A6A00C8D320 /* Network.mm */ = {isa = PBXFileReference; fileEncoding = 4; lastKnownFileType = sourcecode.cpp.objcpp; path = Network.mm; sourceTree = "<group>"; };
		5B4FCD341C032A6A00C8D320 /* Network.hpp */ = {isa = PBXFileReference; fileEncoding = 4; lastKnownFileType = sourcecode.cpp.h; path = Network.hpp; sourceTree = "<group>"; };
		5B4FCD371C033EA400C8D320 /* RSUtilsBridge.mm */ = {isa = PBXFileReference; fileEncoding = 4; lastKnownFileType = sourcecode.cpp.objcpp; path = RSUtilsBridge.mm; sourceTree = "<group>"; };
		5B4FCD381C033EA400C8D320 /* RSUtilsBridge.hpp */ = {isa = PBXFileReference; fileEncoding = 4; lastKnownFileType = sourcecode.cpp.h; path = RSUtilsBridge.hpp; sourceTree = "<group>"; };
		5B54C31F1BFB598700217971 /* Request.cpp */ = {isa = PBXFileReference; fileEncoding = 4; lastKnownFileType = sourcecode.cpp.cpp; path = Request.cpp; sourceTree = "<group>"; };
		5B54C3201BFB598700217971 /* Request.hpp */ = {isa = PBXFileReference; fileEncoding = 4; lastKnownFileType = sourcecode.cpp.h; path = Request.hpp; sourceTree = "<group>"; };
		5B54C3281BFB5EF000217971 /* RSUtils.h */ = {isa = PBXFileReference; fileEncoding = 4; lastKnownFileType = sourcecode.c.h; path = RSUtils.h; sourceTree = "<group>"; };
		5B54C3291BFB5EF000217971 /* RSUtils.mm */ = {isa = PBXFileReference; fileEncoding = 4; lastKnownFileType = sourcecode.cpp.objcpp; path = RSUtils.mm; sourceTree = "<group>"; };
		5B54C32D1BFB700C00217971 /* Model.mm */ = {isa = PBXFileReference; fileEncoding = 4; lastKnownFileType = sourcecode.cpp.objcpp; path = Model.mm; sourceTree = "<group>"; };
		5B54C32E1BFB700C00217971 /* Model.hpp */ = {isa = PBXFileReference; fileEncoding = 4; lastKnownFileType = sourcecode.cpp.h; path = Model.hpp; sourceTree = "<group>"; };
		5B54C3321BFB705B00217971 /* Protocol.cpp */ = {isa = PBXFileReference; fileEncoding = 4; lastKnownFileType = sourcecode.cpp.cpp; path = Protocol.cpp; sourceTree = "<group>"; };
		5B54C3331BFB705B00217971 /* Protocol.hpp */ = {isa = PBXFileReference; fileEncoding = 4; lastKnownFileType = sourcecode.cpp.h; path = Protocol.hpp; sourceTree = "<group>"; };
		5B54C3361BFB70C100217971 /* StandardProtocol.mm */ = {isa = PBXFileReference; fileEncoding = 4; lastKnownFileType = sourcecode.cpp.objcpp; path = StandardProtocol.mm; sourceTree = "<group>"; };
		5B54C3371BFB70C100217971 /* StandardProtocol.hpp */ = {isa = PBXFileReference; fileEncoding = 4; lastKnownFileType = sourcecode.cpp.h; path = StandardProtocol.hpp; sourceTree = "<group>"; };
		5B54C33A1BFB714C00217971 /* QUICProtocol.cpp */ = {isa = PBXFileReference; fileEncoding = 4; lastKnownFileType = sourcecode.cpp.cpp; path = QUICProtocol.cpp; sourceTree = "<group>"; };
		5B54C33B1BFB714C00217971 /* QUICProtocol.hpp */ = {isa = PBXFileReference; fileEncoding = 4; lastKnownFileType = sourcecode.cpp.h; path = QUICProtocol.hpp; sourceTree = "<group>"; };
		5B54C33E1BFB7A9200217971 /* Connection.cpp */ = {isa = PBXFileReference; fileEncoding = 4; lastKnownFileType = sourcecode.cpp.cpp; path = Connection.cpp; sourceTree = "<group>"; };
		5B54C33F1BFB7A9200217971 /* Connection.hpp */ = {isa = PBXFileReference; fileEncoding = 4; lastKnownFileType = sourcecode.cpp.h; path = Connection.hpp; sourceTree = "<group>"; };
		5B54C3421BFB7AE200217971 /* StandardConnection.mm */ = {isa = PBXFileReference; fileEncoding = 4; lastKnownFileType = sourcecode.cpp.objcpp; path = StandardConnection.mm; sourceTree = "<group>"; };
		5B54C3431BFB7AE200217971 /* StandardConnection.hpp */ = {isa = PBXFileReference; fileEncoding = 4; lastKnownFileType = sourcecode.cpp.h; path = StandardConnection.hpp; sourceTree = "<group>"; };
		5B54C3461BFB7B8700217971 /* QUICConnection.cpp */ = {isa = PBXFileReference; fileEncoding = 4; lastKnownFileType = sourcecode.cpp.cpp; path = QUICConnection.cpp; sourceTree = "<group>"; };
		5B54C3471BFB7B8700217971 /* QUICConnection.hpp */ = {isa = PBXFileReference; fileEncoding = 4; lastKnownFileType = sourcecode.cpp.h; path = QUICConnection.hpp; sourceTree = "<group>"; };
		5BC497B11C03609300FF0922 /* ConfigurationProcessor.cpp */ = {isa = PBXFileReference; fileEncoding = 4; lastKnownFileType = sourcecode.cpp.cpp; path = ConfigurationProcessor.cpp; sourceTree = "<group>"; };
		5BC497B21C03609300FF0922 /* ConfigurationProcessor.hpp */ = {isa = PBXFileReference; fileEncoding = 4; lastKnownFileType = sourcecode.cpp.h; path = ConfigurationProcessor.hpp; sourceTree = "<group>"; };
		5BC497B51C03782B00FF0922 /* Configuration.cpp */ = {isa = PBXFileReference; fileEncoding = 4; lastKnownFileType = sourcecode.cpp.cpp; path = Configuration.cpp; sourceTree = "<group>"; };
		5BC497B61C03782B00FF0922 /* Configuration.hpp */ = {isa = PBXFileReference; fileEncoding = 4; lastKnownFileType = sourcecode.cpp.h; path = Configuration.hpp; sourceTree = "<group>"; };
		5BDA28251BFA31C9003F55F6 /* ConnectionProxy.mm */ = {isa = PBXFileReference; fileEncoding = 4; lastKnownFileType = sourcecode.cpp.objcpp; path = ConnectionProxy.mm; sourceTree = "<group>"; };
		5BDA28261BFA31C9003F55F6 /* ConnectionProxy.h */ = {isa = PBXFileReference; explicitFileType = sourcecode.cpp.h; fileEncoding = 4; path = ConnectionProxy.h; sourceTree = "<group>"; };
		5BE3F8621C0454890087BC28 /* DataStorage.mm */ = {isa = PBXFileReference; fileEncoding = 4; lastKnownFileType = sourcecode.cpp.objcpp; path = DataStorage.mm; sourceTree = "<group>"; };
		5BE3F8631C0454890087BC28 /* DataStorage.hpp */ = {isa = PBXFileReference; fileEncoding = 4; lastKnownFileType = sourcecode.cpp.h; path = DataStorage.hpp; sourceTree = "<group>"; };
		5BE3F8661C0455CC0087BC28 /* RSNativeDataStorage.h */ = {isa = PBXFileReference; fileEncoding = 4; lastKnownFileType = sourcecode.c.h; path = RSNativeDataStorage.h; sourceTree = "<group>"; };
		5BE3F8671C0455CC0087BC28 /* RSNativeDataStorage.mm */ = {isa = PBXFileReference; fileEncoding = 4; lastKnownFileType = sourcecode.cpp.objcpp; path = RSNativeDataStorage.mm; sourceTree = "<group>"; };
		88BD4EF0A95B6A0CAA0E1C98 /* Pods-RevSDK.debug.xcconfig */ = {isa = PBXFileReference; includeInIndex = 1; lastKnownFileType = text.xcconfig; name = "Pods-RevSDK.debug.xcconfig"; path = "Pods/Target Support Files/Pods-RevSDK/Pods-RevSDK.debug.xcconfig"; sourceTree = "<group>"; };
		DB7E106636834980B48DE5C8 /* libPods-RevSDK.a */ = {isa = PBXFileReference; explicitFileType = archive.ar; includeInIndex = 0; path = "libPods-RevSDK.a"; sourceTree = BUILT_PRODUCTS_DIR; };
/* End PBXFileReference section */

/* Begin PBXFrameworksBuildPhase section */
		5B3096B21BFA02770045024C /* Frameworks */ = {
			isa = PBXFrameworksBuildPhase;
			buildActionMask = 2147483647;
			files = (
				45EDDE3E9DF84726DC9F118E /* libPods-RevSDK.a in Frameworks */,
			);
			runOnlyForDeploymentPostprocessing = 0;
		};
		5B3096BD1BFA02770045024C /* Frameworks */ = {
			isa = PBXFrameworksBuildPhase;
			buildActionMask = 2147483647;
			files = (
				5B3096C11BFA02770045024C /* RevSDK.framework in Frameworks */,
			);
			runOnlyForDeploymentPostprocessing = 0;
		};
/* End PBXFrameworksBuildPhase section */

/* Begin PBXGroup section */
		0C970DE8623DE2851A075105 /* Frameworks */ = {
			isa = PBXGroup;
			children = (
				DB7E106636834980B48DE5C8 /* libPods-RevSDK.a */,
			);
			name = Frameworks;
			sourceTree = "<group>";
		};
		5B3096AC1BFA02760045024C = {
			isa = PBXGroup;
			children = (
				5B3096B81BFA02770045024C /* RevSDK */,
				5B3096C41BFA02770045024C /* RevSDKTests */,
				5B3096B71BFA02770045024C /* Products */,
				C7F03090FE25ABD6ED6ED8FC /* Pods */,
				0C970DE8623DE2851A075105 /* Frameworks */,
			);
			sourceTree = "<group>";
		};
		5B3096B71BFA02770045024C /* Products */ = {
			isa = PBXGroup;
			children = (
				5B3096B61BFA02770045024C /* RevSDK.framework */,
				5B3096C01BFA02770045024C /* RevSDKTests.xctest */,
			);
			name = Products;
			sourceTree = "<group>";
		};
		5B3096B81BFA02770045024C /* RevSDK */ = {
			isa = PBXGroup;
			children = (
				5BE3F8611C04543F0087BC28 /* DataStorage */,
				5B4FCD2A1C03212A00C8D320 /* Networking */,
				5B54C3311BFB704600217971 /* Protocol */,
				5B54C32C1BFB6FFB00217971 /* Model */,
				5B54C3231BFB5C3300217971 /* Utils */,
				5BDA28241BFA31AD003F55F6 /* Connection */,
				5B3096E71BFA0CA70045024C /* Interception */,
				5B3096B91BFA02770045024C /* RevSDK.h */,
				5B3096F01BFA11E50045024C /* RevSDK.mm */,
				5B3096BB1BFA02770045024C /* Info.plist */,
			);
			path = RevSDK;
			sourceTree = "<group>";
		};
		5B3096C41BFA02770045024C /* RevSDKTests */ = {
			isa = PBXGroup;
			children = (
				5B3096C51BFA02770045024C /* RevSDKTests.m */,
				5B3096C71BFA02770045024C /* Info.plist */,
			);
			path = RevSDKTests;
			sourceTree = "<group>";
		};
		5B3096E71BFA0CA70045024C /* Interception */ = {
			isa = PBXGroup;
			children = (
				5B3096E81BFA0CB70045024C /* RSURLProtocol.h */,
				5B3096E91BFA0CB70045024C /* RSURLProtocol.mm */,
				5B3096EC1BFA0CD30045024C /* RSURLConnection.h */,
				5B3096ED1BFA0CD30045024C /* RSURLConnection.mm */,
			);
			path = Interception;
			sourceTree = "<group>";
		};
		5B4FCD2A1C03212A00C8D320 /* Networking */ = {
			isa = PBXGroup;
			children = (
				5B4FCD2B1C03216000C8D320 /* RSRequestOperation.h */,
				5B4FCD2C1C03216000C8D320 /* RSRequestOperation.mm */,
				5B4FCD2F1C0321B400C8D320 /* RSNativeNetwork.h */,
				5B4FCD301C0321B400C8D320 /* RSNativeNetwork.m */,
				5B4FCD331C032A6A00C8D320 /* Network.mm */,
				5B4FCD341C032A6A00C8D320 /* Network.hpp */,
			);
			path = Networking;
			sourceTree = "<group>";
		};
		5B54C3231BFB5C3300217971 /* Utils */ = {
			isa = PBXGroup;
			children = (
				5B54C3281BFB5EF000217971 /* RSUtils.h */,
				5B54C3291BFB5EF000217971 /* RSUtils.mm */,
				5B4FCD371C033EA400C8D320 /* RSUtilsBridge.mm */,
				5B4FCD381C033EA400C8D320 /* RSUtilsBridge.hpp */,
				5BC497B11C03609300FF0922 /* ConfigurationProcessor.cpp */,
				5BC497B21C03609300FF0922 /* ConfigurationProcessor.hpp */,
				5BC497B51C03782B00FF0922 /* Configuration.cpp */,
				5BC497B61C03782B00FF0922 /* Configuration.hpp */,
			);
			path = Utils;
			sourceTree = "<group>";
		};
		5B54C32C1BFB6FFB00217971 /* Model */ = {
			isa = PBXGroup;
			children = (
				5B54C32D1BFB700C00217971 /* Model.mm */,
				5B54C32E1BFB700C00217971 /* Model.hpp */,
			);
			path = Model;
			sourceTree = "<group>";
		};
		5B54C3311BFB704600217971 /* Protocol */ = {
			isa = PBXGroup;
			children = (
				5B54C3321BFB705B00217971 /* Protocol.cpp */,
				5B54C3331BFB705B00217971 /* Protocol.hpp */,
				5B54C3361BFB70C100217971 /* StandardProtocol.mm */,
				5B54C3371BFB70C100217971 /* StandardProtocol.hpp */,
				5B54C33A1BFB714C00217971 /* QUICProtocol.cpp */,
				5B54C33B1BFB714C00217971 /* QUICProtocol.hpp */,
			);
			path = Protocol;
			sourceTree = "<group>";
		};
		5BDA28241BFA31AD003F55F6 /* Connection */ = {
			isa = PBXGroup;
			children = (
				5BDA28261BFA31C9003F55F6 /* ConnectionProxy.h */,
				5BDA28251BFA31C9003F55F6 /* ConnectionProxy.mm */,
				5B54C3201BFB598700217971 /* Request.hpp */,
				5B54C31F1BFB598700217971 /* Request.cpp */,
				5B54C33E1BFB7A9200217971 /* Connection.cpp */,
				5B54C33F1BFB7A9200217971 /* Connection.hpp */,
				5B54C3421BFB7AE200217971 /* StandardConnection.mm */,
				5B54C3431BFB7AE200217971 /* StandardConnection.hpp */,
				5B54C3461BFB7B8700217971 /* QUICConnection.cpp */,
				5B54C3471BFB7B8700217971 /* QUICConnection.hpp */,
				5B2F4BCD1BFDBAF8003DCB27 /* Response.cpp */,
				5B2F4BCE1BFDBAF8003DCB27 /* Response.hpp */,
				5B2F4BD11BFDD20B003DCB27 /* Data.cpp */,
				5B2F4BD21BFDD20B003DCB27 /* Data.hpp */,
				5B2F4BD51BFE11F6003DCB27 /* Error.cpp */,
				5B2F4BD61BFE11F6003DCB27 /* Error.hpp */,
			);
			path = Connection;
			sourceTree = "<group>";
		};
		5BE3F8611C04543F0087BC28 /* DataStorage */ = {
			isa = PBXGroup;
			children = (
				5BE3F8621C0454890087BC28 /* DataStorage.mm */,
				5BE3F8631C0454890087BC28 /* DataStorage.hpp */,
				5BE3F8661C0455CC0087BC28 /* RSNativeDataStorage.h */,
				5BE3F8671C0455CC0087BC28 /* RSNativeDataStorage.mm */,
			);
			path = DataStorage;
			sourceTree = "<group>";
		};
		C7F03090FE25ABD6ED6ED8FC /* Pods */ = {
			isa = PBXGroup;
			children = (
				88BD4EF0A95B6A0CAA0E1C98 /* Pods-RevSDK.debug.xcconfig */,
				31946DA78F6006B589FDD586 /* Pods-RevSDK.release.xcconfig */,
			);
			name = Pods;
			sourceTree = "<group>";
		};
/* End PBXGroup section */

/* Begin PBXHeadersBuildPhase section */
		5B3096B31BFA02770045024C /* Headers */ = {
			isa = PBXHeadersBuildPhase;
			buildActionMask = 2147483647;
			files = (
				5B54C33D1BFB714C00217971 /* QUICProtocol.hpp in Headers */,
				5B2F4BD01BFDBAF8003DCB27 /* Response.hpp in Headers */,
				5B54C3451BFB7AE200217971 /* StandardConnection.hpp in Headers */,
				5B54C32A1BFB5EF000217971 /* RSUtils.h in Headers */,
				5B2F4BD41BFDD20B003DCB27 /* Data.hpp in Headers */,
				5B54C3221BFB598700217971 /* Request.hpp in Headers */,
				5BE3F8681C0455CC0087BC28 /* RSNativeDataStorage.h in Headers */,
				5B54C3391BFB70C100217971 /* StandardProtocol.hpp in Headers */,
				5B54C3301BFB700C00217971 /* Model.hpp in Headers */,
				5B54C3411BFB7A9200217971 /* Connection.hpp in Headers */,
				5B4FCD361C032A6A00C8D320 /* Network.hpp in Headers */,
				5B4FCD311C0321B400C8D320 /* RSNativeNetwork.h in Headers */,
				5B2F4BD81BFE11F6003DCB27 /* Error.hpp in Headers */,
				5B3096EA1BFA0CB70045024C /* RSURLProtocol.h in Headers */,
				5BE3F8651C0454890087BC28 /* DataStorage.hpp in Headers */,
				5BC497B81C03782B00FF0922 /* Configuration.hpp in Headers */,
				5B54C3351BFB705B00217971 /* Protocol.hpp in Headers */,
				5B3096BA1BFA02770045024C /* RevSDK.h in Headers */,
				5BC497B41C03609300FF0922 /* ConfigurationProcessor.hpp in Headers */,
				5BDA28281BFA31C9003F55F6 /* ConnectionProxy.h in Headers */,
				5B54C3491BFB7B8700217971 /* QUICConnection.hpp in Headers */,
				5B4FCD2D1C03216000C8D320 /* RSRequestOperation.h in Headers */,
				5B4FCD3A1C033EA400C8D320 /* RSUtilsBridge.hpp in Headers */,
				5B3096EE1BFA0CD30045024C /* RSURLConnection.h in Headers */,
			);
			runOnlyForDeploymentPostprocessing = 0;
		};
/* End PBXHeadersBuildPhase section */

/* Begin PBXNativeTarget section */
		5B3096B51BFA02770045024C /* RevSDK */ = {
			isa = PBXNativeTarget;
			buildConfigurationList = 5B3096CA1BFA02770045024C /* Build configuration list for PBXNativeTarget "RevSDK" */;
			buildPhases = (
				0D42053D203D8DBB478E78D6 /* Check Pods Manifest.lock */,
				5B3096B11BFA02770045024C /* Sources */,
				5B3096B21BFA02770045024C /* Frameworks */,
				5B3096B31BFA02770045024C /* Headers */,
				5B3096B41BFA02770045024C /* Resources */,
				7BCE71C1F8A65CCAC49E5FD2 /* Copy Pods Resources */,
			);
			buildRules = (
			);
			dependencies = (
			);
			name = RevSDK;
			productName = RevSDK;
			productReference = 5B3096B61BFA02770045024C /* RevSDK.framework */;
			productType = "com.apple.product-type.framework";
		};
		5B3096BF1BFA02770045024C /* RevSDKTests */ = {
			isa = PBXNativeTarget;
			buildConfigurationList = 5B3096CD1BFA02770045024C /* Build configuration list for PBXNativeTarget "RevSDKTests" */;
			buildPhases = (
				5B3096BC1BFA02770045024C /* Sources */,
				5B3096BD1BFA02770045024C /* Frameworks */,
				5B3096BE1BFA02770045024C /* Resources */,
			);
			buildRules = (
			);
			dependencies = (
				5B3096C31BFA02770045024C /* PBXTargetDependency */,
			);
			name = RevSDKTests;
			productName = RevSDKTests;
			productReference = 5B3096C01BFA02770045024C /* RevSDKTests.xctest */;
			productType = "com.apple.product-type.bundle.unit-test";
		};
/* End PBXNativeTarget section */

/* Begin PBXProject section */
		5B3096AD1BFA02760045024C /* Project object */ = {
			isa = PBXProject;
			attributes = {
				LastUpgradeCheck = 0710;
				ORGANIZATIONNAME = TundraMobile;
				TargetAttributes = {
					5B3096B51BFA02770045024C = {
						CreatedOnToolsVersion = 7.1;
					};
					5B3096BF1BFA02770045024C = {
						CreatedOnToolsVersion = 7.1;
					};
				};
			};
			buildConfigurationList = 5B3096B01BFA02760045024C /* Build configuration list for PBXProject "RevSDK" */;
			compatibilityVersion = "Xcode 3.2";
			developmentRegion = English;
			hasScannedForEncodings = 0;
			knownRegions = (
				en,
			);
			mainGroup = 5B3096AC1BFA02760045024C;
			productRefGroup = 5B3096B71BFA02770045024C /* Products */;
			projectDirPath = "";
			projectRoot = "";
			targets = (
				5B3096B51BFA02770045024C /* RevSDK */,
				5B3096BF1BFA02770045024C /* RevSDKTests */,
			);
		};
/* End PBXProject section */

/* Begin PBXResourcesBuildPhase section */
		5B3096B41BFA02770045024C /* Resources */ = {
			isa = PBXResourcesBuildPhase;
			buildActionMask = 2147483647;
			files = (
			);
			runOnlyForDeploymentPostprocessing = 0;
		};
		5B3096BE1BFA02770045024C /* Resources */ = {
			isa = PBXResourcesBuildPhase;
			buildActionMask = 2147483647;
			files = (
			);
			runOnlyForDeploymentPostprocessing = 0;
		};
/* End PBXResourcesBuildPhase section */

/* Begin PBXShellScriptBuildPhase section */
		0D42053D203D8DBB478E78D6 /* Check Pods Manifest.lock */ = {
			isa = PBXShellScriptBuildPhase;
			buildActionMask = 2147483647;
			files = (
			);
			inputPaths = (
			);
			name = "Check Pods Manifest.lock";
			outputPaths = (
			);
			runOnlyForDeploymentPostprocessing = 0;
			shellPath = /bin/sh;
			shellScript = "diff \"${PODS_ROOT}/../Podfile.lock\" \"${PODS_ROOT}/Manifest.lock\" > /dev/null\nif [[ $? != 0 ]] ; then\n    cat << EOM\nerror: The sandbox is not in sync with the Podfile.lock. Run 'pod install' or update your CocoaPods installation.\nEOM\n    exit 1\nfi\n";
			showEnvVarsInLog = 0;
		};
		7BCE71C1F8A65CCAC49E5FD2 /* Copy Pods Resources */ = {
			isa = PBXShellScriptBuildPhase;
			buildActionMask = 2147483647;
			files = (
			);
			inputPaths = (
			);
			name = "Copy Pods Resources";
			outputPaths = (
			);
			runOnlyForDeploymentPostprocessing = 0;
			shellPath = /bin/sh;
			shellScript = "\"${SRCROOT}/Pods/Target Support Files/Pods-RevSDK/Pods-RevSDK-resources.sh\"\n";
			showEnvVarsInLog = 0;
		};
/* End PBXShellScriptBuildPhase section */

/* Begin PBXSourcesBuildPhase section */
		5B3096B11BFA02770045024C /* Sources */ = {
			isa = PBXSourcesBuildPhase;
			buildActionMask = 2147483647;
			files = (
				5BC497B71C03782B00FF0922 /* Configuration.cpp in Sources */,
				5B54C3441BFB7AE200217971 /* StandardConnection.mm in Sources */,
				5B3096EB1BFA0CB70045024C /* RSURLProtocol.mm in Sources */,
				5BE3F8691C0455CC0087BC28 /* RSNativeDataStorage.mm in Sources */,
				5B3096F11BFA11E50045024C /* RevSDK.mm in Sources */,
				5B54C3211BFB598700217971 /* Request.cpp in Sources */,
				5B2F4BD71BFE11F6003DCB27 /* Error.cpp in Sources */,
				5B54C32B1BFB5EF000217971 /* RSUtils.mm in Sources */,
				5B54C32F1BFB700C00217971 /* Model.mm in Sources */,
				5B54C33C1BFB714C00217971 /* QUICProtocol.cpp in Sources */,
				5B4FCD351C032A6A00C8D320 /* Network.mm in Sources */,
				5BE3F8641C0454890087BC28 /* DataStorage.mm in Sources */,
				5BDA28271BFA31C9003F55F6 /* ConnectionProxy.mm in Sources */,
				5B3096EF1BFA0CD30045024C /* RSURLConnection.mm in Sources */,
				5B2F4BD31BFDD20B003DCB27 /* Data.cpp in Sources */,
				5B54C3381BFB70C100217971 /* StandardProtocol.mm in Sources */,
				5B4FCD391C033EA400C8D320 /* RSUtilsBridge.mm in Sources */,
				5B4FCD321C0321B400C8D320 /* RSNativeNetwork.m in Sources */,
				5B2F4BCF1BFDBAF8003DCB27 /* Response.cpp in Sources */,
				5B54C3401BFB7A9200217971 /* Connection.cpp in Sources */,
				5B54C3481BFB7B8700217971 /* QUICConnection.cpp in Sources */,
				5B4FCD2E1C03216000C8D320 /* RSRequestOperation.mm in Sources */,
				5B54C3341BFB705B00217971 /* Protocol.cpp in Sources */,
				5BC497B31C03609300FF0922 /* ConfigurationProcessor.cpp in Sources */,
			);
			runOnlyForDeploymentPostprocessing = 0;
		};
		5B3096BC1BFA02770045024C /* Sources */ = {
			isa = PBXSourcesBuildPhase;
			buildActionMask = 2147483647;
			files = (
				5B3096C61BFA02770045024C /* RevSDKTests.m in Sources */,
			);
			runOnlyForDeploymentPostprocessing = 0;
		};
/* End PBXSourcesBuildPhase section */

/* Begin PBXTargetDependency section */
		5B3096C31BFA02770045024C /* PBXTargetDependency */ = {
			isa = PBXTargetDependency;
			target = 5B3096B51BFA02770045024C /* RevSDK */;
			targetProxy = 5B3096C21BFA02770045024C /* PBXContainerItemProxy */;
		};
/* End PBXTargetDependency section */

/* Begin XCBuildConfiguration section */
		5B3096C81BFA02770045024C /* Debug */ = {
			isa = XCBuildConfiguration;
			buildSettings = {
				ALWAYS_SEARCH_USER_PATHS = NO;
				CLANG_CXX_LANGUAGE_STANDARD = "gnu++0x";
				CLANG_CXX_LIBRARY = "libc++";
				CLANG_ENABLE_MODULES = YES;
				CLANG_ENABLE_OBJC_ARC = YES;
				CLANG_WARN_BOOL_CONVERSION = YES;
				CLANG_WARN_CONSTANT_CONVERSION = YES;
				CLANG_WARN_DIRECT_OBJC_ISA_USAGE = YES_ERROR;
				CLANG_WARN_EMPTY_BODY = YES;
				CLANG_WARN_ENUM_CONVERSION = YES;
				CLANG_WARN_INT_CONVERSION = YES;
				CLANG_WARN_OBJC_ROOT_CLASS = YES_ERROR;
				CLANG_WARN_UNREACHABLE_CODE = YES;
				CLANG_WARN__DUPLICATE_METHOD_MATCH = YES;
				"CODE_SIGN_IDENTITY[sdk=iphoneos*]" = "iPhone Developer";
				COPY_PHASE_STRIP = NO;
				CURRENT_PROJECT_VERSION = 1;
				DEBUG_INFORMATION_FORMAT = dwarf;
				ENABLE_STRICT_OBJC_MSGSEND = YES;
				ENABLE_TESTABILITY = YES;
				GCC_C_LANGUAGE_STANDARD = gnu99;
				GCC_DYNAMIC_NO_PIC = NO;
				GCC_NO_COMMON_BLOCKS = YES;
				GCC_OPTIMIZATION_LEVEL = 0;
				GCC_PREPROCESSOR_DEFINITIONS = (
					"DEBUG=1",
					"$(inherited)",
				);
				GCC_WARN_64_TO_32_BIT_CONVERSION = YES;
				GCC_WARN_ABOUT_RETURN_TYPE = YES_ERROR;
				GCC_WARN_UNDECLARED_SELECTOR = YES;
				GCC_WARN_UNINITIALIZED_AUTOS = YES_AGGRESSIVE;
				GCC_WARN_UNUSED_FUNCTION = YES;
				GCC_WARN_UNUSED_VARIABLE = YES;
				IPHONEOS_DEPLOYMENT_TARGET = 9.1;
				MTL_ENABLE_DEBUG_INFO = YES;
				ONLY_ACTIVE_ARCH = YES;
				SDKROOT = iphoneos;
				TARGETED_DEVICE_FAMILY = "1,2";
				VERSIONING_SYSTEM = "apple-generic";
				VERSION_INFO_PREFIX = "";
			};
			name = Debug;
		};
		5B3096C91BFA02770045024C /* Release */ = {
			isa = XCBuildConfiguration;
			buildSettings = {
				ALWAYS_SEARCH_USER_PATHS = NO;
				CLANG_CXX_LANGUAGE_STANDARD = "gnu++0x";
				CLANG_CXX_LIBRARY = "libc++";
				CLANG_ENABLE_MODULES = YES;
				CLANG_ENABLE_OBJC_ARC = YES;
				CLANG_WARN_BOOL_CONVERSION = YES;
				CLANG_WARN_CONSTANT_CONVERSION = YES;
				CLANG_WARN_DIRECT_OBJC_ISA_USAGE = YES_ERROR;
				CLANG_WARN_EMPTY_BODY = YES;
				CLANG_WARN_ENUM_CONVERSION = YES;
				CLANG_WARN_INT_CONVERSION = YES;
				CLANG_WARN_OBJC_ROOT_CLASS = YES_ERROR;
				CLANG_WARN_UNREACHABLE_CODE = YES;
				CLANG_WARN__DUPLICATE_METHOD_MATCH = YES;
				"CODE_SIGN_IDENTITY[sdk=iphoneos*]" = "iPhone Developer";
				COPY_PHASE_STRIP = NO;
				CURRENT_PROJECT_VERSION = 1;
				DEBUG_INFORMATION_FORMAT = "dwarf-with-dsym";
				ENABLE_NS_ASSERTIONS = NO;
				ENABLE_STRICT_OBJC_MSGSEND = YES;
				GCC_C_LANGUAGE_STANDARD = gnu99;
				GCC_NO_COMMON_BLOCKS = YES;
				GCC_WARN_64_TO_32_BIT_CONVERSION = YES;
				GCC_WARN_ABOUT_RETURN_TYPE = YES_ERROR;
				GCC_WARN_UNDECLARED_SELECTOR = YES;
				GCC_WARN_UNINITIALIZED_AUTOS = YES_AGGRESSIVE;
				GCC_WARN_UNUSED_FUNCTION = YES;
				GCC_WARN_UNUSED_VARIABLE = YES;
				IPHONEOS_DEPLOYMENT_TARGET = 9.1;
				MTL_ENABLE_DEBUG_INFO = NO;
				SDKROOT = iphoneos;
				TARGETED_DEVICE_FAMILY = "1,2";
				VALIDATE_PRODUCT = YES;
				VERSIONING_SYSTEM = "apple-generic";
				VERSION_INFO_PREFIX = "";
			};
			name = Release;
		};
		5B3096CB1BFA02770045024C /* Debug */ = {
			isa = XCBuildConfiguration;
			baseConfigurationReference = 88BD4EF0A95B6A0CAA0E1C98 /* Pods-RevSDK.debug.xcconfig */;
			buildSettings = {
				DEFINES_MODULE = YES;
				DYLIB_COMPATIBILITY_VERSION = 1;
				DYLIB_CURRENT_VERSION = 1;
				DYLIB_INSTALL_NAME_BASE = "@rpath";
				EMBEDDED_CONTENT_CONTAINS_SWIFT = YES;
				ENABLE_BITCODE = NO;
				INFOPLIST_FILE = RevSDK/Info.plist;
				INSTALL_PATH = "$(LOCAL_LIBRARY_DIR)/Frameworks";
				LD_RUNPATH_SEARCH_PATHS = "$(inherited) @executable_path/Frameworks @loader_path/Frameworks";
				PRODUCT_BUNDLE_IDENTIFIER = com.tundramobile.RevSDK;
				PRODUCT_NAME = "$(TARGET_NAME)";
				SKIP_INSTALL = YES;
			};
			name = Debug;
		};
		5B3096CC1BFA02770045024C /* Release */ = {
			isa = XCBuildConfiguration;
			baseConfigurationReference = 31946DA78F6006B589FDD586 /* Pods-RevSDK.release.xcconfig */;
			buildSettings = {
				DEFINES_MODULE = YES;
				DYLIB_COMPATIBILITY_VERSION = 1;
				DYLIB_CURRENT_VERSION = 1;
				DYLIB_INSTALL_NAME_BASE = "@rpath";
				EMBEDDED_CONTENT_CONTAINS_SWIFT = YES;
				ENABLE_BITCODE = NO;
				INFOPLIST_FILE = RevSDK/Info.plist;
				INSTALL_PATH = "$(LOCAL_LIBRARY_DIR)/Frameworks";
				LD_RUNPATH_SEARCH_PATHS = "$(inherited) @executable_path/Frameworks @loader_path/Frameworks";
				PRODUCT_BUNDLE_IDENTIFIER = com.tundramobile.RevSDK;
				PRODUCT_NAME = "$(TARGET_NAME)";
				SKIP_INSTALL = YES;
			};
			name = Release;
		};
		5B3096CE1BFA02770045024C /* Debug */ = {
			isa = XCBuildConfiguration;
			buildSettings = {
				INFOPLIST_FILE = RevSDKTests/Info.plist;
				LD_RUNPATH_SEARCH_PATHS = "$(inherited) @executable_path/Frameworks @loader_path/Frameworks";
				PRODUCT_BUNDLE_IDENTIFIER = com.tundramobile.RevSDKTests;
				PRODUCT_NAME = "$(TARGET_NAME)";
			};
			name = Debug;
		};
		5B3096CF1BFA02770045024C /* Release */ = {
			isa = XCBuildConfiguration;
			buildSettings = {
				INFOPLIST_FILE = RevSDKTests/Info.plist;
				LD_RUNPATH_SEARCH_PATHS = "$(inherited) @executable_path/Frameworks @loader_path/Frameworks";
				PRODUCT_BUNDLE_IDENTIFIER = com.tundramobile.RevSDKTests;
				PRODUCT_NAME = "$(TARGET_NAME)";
			};
			name = Release;
		};
/* End XCBuildConfiguration section */

/* Begin XCConfigurationList section */
		5B3096B01BFA02760045024C /* Build configuration list for PBXProject "RevSDK" */ = {
			isa = XCConfigurationList;
			buildConfigurations = (
				5B3096C81BFA02770045024C /* Debug */,
				5B3096C91BFA02770045024C /* Release */,
			);
			defaultConfigurationIsVisible = 0;
			defaultConfigurationName = Release;
		};
		5B3096CA1BFA02770045024C /* Build configuration list for PBXNativeTarget "RevSDK" */ = {
			isa = XCConfigurationList;
			buildConfigurations = (
				5B3096CB1BFA02770045024C /* Debug */,
				5B3096CC1BFA02770045024C /* Release */,
			);
			defaultConfigurationIsVisible = 0;
			defaultConfigurationName = Release;
		};
		5B3096CD1BFA02770045024C /* Build configuration list for PBXNativeTarget "RevSDKTests" */ = {
			isa = XCConfigurationList;
			buildConfigurations = (
				5B3096CE1BFA02770045024C /* Debug */,
				5B3096CF1BFA02770045024C /* Release */,
			);
			defaultConfigurationIsVisible = 0;
			defaultConfigurationName = Release;
		};
/* End XCConfigurationList section */
	};
	rootObject = 5B3096AD1BFA02760045024C /* Project object */;
}
